// !$*UTF8*$!
{
	archiveVersion = 1;
	classes = {
	};
	objectVersion = 55;
	objects = {

/* Begin PBXBuildFile section */
		29C9A04DBD6093203F8EE211 /* Pods_MakeItGreener.framework in Frameworks */ = {isa = PBXBuildFile; fileRef = AEA9C65CDE8E47EFEE6A2442 /* Pods_MakeItGreener.framework */; };
		E95E349D2879DE3A0098404F /* MakeItGreenerApp.swift in Sources */ = {isa = PBXBuildFile; fileRef = E95E349C2879DE3A0098404F /* MakeItGreenerApp.swift */; };
		E95E349F2879DE3A0098404F /* ContentView.swift in Sources */ = {isa = PBXBuildFile; fileRef = E95E349E2879DE3A0098404F /* ContentView.swift */; };
		E95E34A12879DE3B0098404F /* Assets.xcassets in Resources */ = {isa = PBXBuildFile; fileRef = E95E34A02879DE3B0098404F /* Assets.xcassets */; };
		E95E34A42879DE3B0098404F /* Preview Assets.xcassets in Resources */ = {isa = PBXBuildFile; fileRef = E95E34A32879DE3B0098404F /* Preview Assets.xcassets */; };
		E95E34A62879DE3B0098404F /* Persistence.swift in Sources */ = {isa = PBXBuildFile; fileRef = E95E34A52879DE3B0098404F /* Persistence.swift */; };
		E95E34A92879DE3B0098404F /* MakeItGreener.xcdatamodeld in Sources */ = {isa = PBXBuildFile; fileRef = E95E34A72879DE3B0098404F /* MakeItGreener.xcdatamodeld */; };
		E95FFC01287EDA6E00B934B3 /* TransportationType.swift in Sources */ = {isa = PBXBuildFile; fileRef = E95FFC00287EDA6E00B934B3 /* TransportationType.swift */; };
		E95FFC03287EFAE100B934B3 /* DistanceForm.swift in Sources */ = {isa = PBXBuildFile; fileRef = E95FFC02287EFAE100B934B3 /* DistanceForm.swift */; };
		E95FFC08287F10B400B934B3 /* MapLocation.swift in Sources */ = {isa = PBXBuildFile; fileRef = E95FFC07287F10B400B934B3 /* MapLocation.swift */; };
		E95FFC0B287F35D800B934B3 /* LocationLabel.swift in Sources */ = {isa = PBXBuildFile; fileRef = E95FFC0A287F35D800B934B3 /* LocationLabel.swift */; };
		E961EC9D287AF9C900D92C64 /* CarbonFootprintEndpoint.swift in Sources */ = {isa = PBXBuildFile; fileRef = E961EC9C287AF9C900D92C64 /* CarbonFootprintEndpoint.swift */; };
		E961ECA5287B125F00D92C64 /* NetworkService.swift in Sources */ = {isa = PBXBuildFile; fileRef = E961ECA4287B125F00D92C64 /* NetworkService.swift */; };
		E961ECB6287B147D00D92C64 /* NetworkServiceTest.swift in Sources */ = {isa = PBXBuildFile; fileRef = E961ECB5287B147D00D92C64 /* NetworkServiceTest.swift */; };
		E961ECB9287B14C500D92C64 /* FakeResponse.swift in Sources */ = {isa = PBXBuildFile; fileRef = E961ECB7287B14C500D92C64 /* FakeResponse.swift */; };
		E961ECBA287B14C500D92C64 /* MockURLProtocol.swift in Sources */ = {isa = PBXBuildFile; fileRef = E961ECB8287B14C500D92C64 /* MockURLProtocol.swift */; };
		E961ECBD287B19D500D92C64 /* CarbonFootprint.swift in Sources */ = {isa = PBXBuildFile; fileRef = E961ECBC287B19D500D92C64 /* CarbonFootprint.swift */; };
		E9B4A8BD287A08FB000AFE72 /* MainView.swift in Sources */ = {isa = PBXBuildFile; fileRef = E9B4A8BC287A08FB000AFE72 /* MainView.swift */; };
		E9B4A8C2287A0E8E000AFE72 /* CarbonFootprintApi.swift in Sources */ = {isa = PBXBuildFile; fileRef = E9B4A8C1287A0E8D000AFE72 /* CarbonFootprintApi.swift */; };
		E9B4A8C5287A1A63000AFE72 /* TravelData.swift in Sources */ = {isa = PBXBuildFile; fileRef = E9B4A8C4287A1A63000AFE72 /* TravelData.swift */; };
		E9B4A8C9287A1B69000AFE72 /* CarbonFootprintConstant.swift in Sources */ = {isa = PBXBuildFile; fileRef = E9B4A8C8287A1B69000AFE72 /* CarbonFootprintConstant.swift */; };
		E9CEFCBE287D90390024198C /* MyFootprint.swift in Sources */ = {isa = PBXBuildFile; fileRef = E9CEFCBD287D90390024198C /* MyFootprint.swift */; };
		E9CEFCC0287D90AA0024198C /* TravelForm.swift in Sources */ = {isa = PBXBuildFile; fileRef = E9CEFCBF287D90AA0024198C /* TravelForm.swift */; };
		E9CEFCC2287D9A8A0024198C /* MapView.swift in Sources */ = {isa = PBXBuildFile; fileRef = E9CEFCC1287D9A8A0024198C /* MapView.swift */; };
		E9CEFCC5287D9BF90024198C /* TransportationForm.swift in Sources */ = {isa = PBXBuildFile; fileRef = E9CEFCC4287D9BF90024198C /* TransportationForm.swift */; };
		E9CEFCD1287DD6BF0024198C /* TransportationMode.swift in Sources */ = {isa = PBXBuildFile; fileRef = E9CEFCD0287DD6BF0024198C /* TransportationMode.swift */; };
/* End PBXBuildFile section */

/* Begin PBXContainerItemProxy section */
		E961ECAE287B140A00D92C64 /* PBXContainerItemProxy */ = {
			isa = PBXContainerItemProxy;
			containerPortal = E95E34912879DE3A0098404F /* Project object */;
			proxyType = 1;
			remoteGlobalIDString = E95E34982879DE3A0098404F;
			remoteInfo = MakeItGreener;
		};
/* End PBXContainerItemProxy section */

/* Begin PBXFileReference section */
		5308B1A2D637627B314ECE9B /* Pods-MakeItGreener.debug.xcconfig */ = {isa = PBXFileReference; includeInIndex = 1; lastKnownFileType = text.xcconfig; name = "Pods-MakeItGreener.debug.xcconfig"; path = "Target Support Files/Pods-MakeItGreener/Pods-MakeItGreener.debug.xcconfig"; sourceTree = "<group>"; };
		6CBA899CEFEBC5F080D87CAE /* Pods-MakeItGreener.release.xcconfig */ = {isa = PBXFileReference; includeInIndex = 1; lastKnownFileType = text.xcconfig; name = "Pods-MakeItGreener.release.xcconfig"; path = "Target Support Files/Pods-MakeItGreener/Pods-MakeItGreener.release.xcconfig"; sourceTree = "<group>"; };
		AEA9C65CDE8E47EFEE6A2442 /* Pods_MakeItGreener.framework */ = {isa = PBXFileReference; explicitFileType = wrapper.framework; includeInIndex = 0; path = Pods_MakeItGreener.framework; sourceTree = BUILT_PRODUCTS_DIR; };
		E95E34992879DE3A0098404F /* MakeItGreener.app */ = {isa = PBXFileReference; explicitFileType = wrapper.application; includeInIndex = 0; path = MakeItGreener.app; sourceTree = BUILT_PRODUCTS_DIR; };
		E95E349C2879DE3A0098404F /* MakeItGreenerApp.swift */ = {isa = PBXFileReference; lastKnownFileType = sourcecode.swift; path = MakeItGreenerApp.swift; sourceTree = "<group>"; };
		E95E349E2879DE3A0098404F /* ContentView.swift */ = {isa = PBXFileReference; lastKnownFileType = sourcecode.swift; path = ContentView.swift; sourceTree = "<group>"; };
		E95E34A02879DE3B0098404F /* Assets.xcassets */ = {isa = PBXFileReference; lastKnownFileType = folder.assetcatalog; path = Assets.xcassets; sourceTree = "<group>"; };
		E95E34A32879DE3B0098404F /* Preview Assets.xcassets */ = {isa = PBXFileReference; lastKnownFileType = folder.assetcatalog; path = "Preview Assets.xcassets"; sourceTree = "<group>"; };
		E95E34A52879DE3B0098404F /* Persistence.swift */ = {isa = PBXFileReference; lastKnownFileType = sourcecode.swift; path = Persistence.swift; sourceTree = "<group>"; };
		E95E34A82879DE3B0098404F /* MakeItGreener.xcdatamodel */ = {isa = PBXFileReference; lastKnownFileType = wrapper.xcdatamodel; path = MakeItGreener.xcdatamodel; sourceTree = "<group>"; };
		E95FFC00287EDA6E00B934B3 /* TransportationType.swift */ = {isa = PBXFileReference; lastKnownFileType = sourcecode.swift; path = TransportationType.swift; sourceTree = "<group>"; };
		E95FFC02287EFAE100B934B3 /* DistanceForm.swift */ = {isa = PBXFileReference; lastKnownFileType = sourcecode.swift; path = DistanceForm.swift; sourceTree = "<group>"; };
		E95FFC07287F10B400B934B3 /* MapLocation.swift */ = {isa = PBXFileReference; lastKnownFileType = sourcecode.swift; path = MapLocation.swift; sourceTree = "<group>"; };
		E95FFC0A287F35D800B934B3 /* LocationLabel.swift */ = {isa = PBXFileReference; lastKnownFileType = sourcecode.swift; path = LocationLabel.swift; sourceTree = "<group>"; };
		E961EC9C287AF9C900D92C64 /* CarbonFootprintEndpoint.swift */ = {isa = PBXFileReference; lastKnownFileType = sourcecode.swift; path = CarbonFootprintEndpoint.swift; sourceTree = "<group>"; };
		E961ECA4287B125F00D92C64 /* NetworkService.swift */ = {isa = PBXFileReference; lastKnownFileType = sourcecode.swift; path = NetworkService.swift; sourceTree = "<group>"; };
		E961ECAA287B140A00D92C64 /* MakeItGreenerTests.xctest */ = {isa = PBXFileReference; explicitFileType = wrapper.cfbundle; includeInIndex = 0; path = MakeItGreenerTests.xctest; sourceTree = BUILT_PRODUCTS_DIR; };
		E961ECB5287B147D00D92C64 /* NetworkServiceTest.swift */ = {isa = PBXFileReference; lastKnownFileType = sourcecode.swift; path = NetworkServiceTest.swift; sourceTree = "<group>"; };
		E961ECB7287B14C500D92C64 /* FakeResponse.swift */ = {isa = PBXFileReference; fileEncoding = 4; lastKnownFileType = sourcecode.swift; path = FakeResponse.swift; sourceTree = "<group>"; };
		E961ECB8287B14C500D92C64 /* MockURLProtocol.swift */ = {isa = PBXFileReference; fileEncoding = 4; lastKnownFileType = sourcecode.swift; path = MockURLProtocol.swift; sourceTree = "<group>"; };
		E961ECBC287B19D500D92C64 /* CarbonFootprint.swift */ = {isa = PBXFileReference; lastKnownFileType = sourcecode.swift; path = CarbonFootprint.swift; sourceTree = "<group>"; };
		E9B4A8BC287A08FB000AFE72 /* MainView.swift */ = {isa = PBXFileReference; lastKnownFileType = sourcecode.swift; path = MainView.swift; sourceTree = "<group>"; };
		E9B4A8C1287A0E8D000AFE72 /* CarbonFootprintApi.swift */ = {isa = PBXFileReference; lastKnownFileType = sourcecode.swift; path = CarbonFootprintApi.swift; sourceTree = "<group>"; };
		E9B4A8C4287A1A63000AFE72 /* TravelData.swift */ = {isa = PBXFileReference; lastKnownFileType = sourcecode.swift; path = TravelData.swift; sourceTree = "<group>"; };
		E9B4A8C8287A1B69000AFE72 /* CarbonFootprintConstant.swift */ = {isa = PBXFileReference; lastKnownFileType = sourcecode.swift; path = CarbonFootprintConstant.swift; sourceTree = "<group>"; };
		E9CEFCBD287D90390024198C /* MyFootprint.swift */ = {isa = PBXFileReference; lastKnownFileType = sourcecode.swift; path = MyFootprint.swift; sourceTree = "<group>"; };
		E9CEFCBF287D90AA0024198C /* TravelForm.swift */ = {isa = PBXFileReference; lastKnownFileType = sourcecode.swift; path = TravelForm.swift; sourceTree = "<group>"; };
		E9CEFCC1287D9A8A0024198C /* MapView.swift */ = {isa = PBXFileReference; lastKnownFileType = sourcecode.swift; path = MapView.swift; sourceTree = "<group>"; };
		E9CEFCC4287D9BF90024198C /* TransportationForm.swift */ = {isa = PBXFileReference; lastKnownFileType = sourcecode.swift; path = TransportationForm.swift; sourceTree = "<group>"; };
		E9CEFCD0287DD6BF0024198C /* TransportationMode.swift */ = {isa = PBXFileReference; lastKnownFileType = sourcecode.swift; path = TransportationMode.swift; sourceTree = "<group>"; };
/* End PBXFileReference section */

/* Begin PBXFrameworksBuildPhase section */
		E95E34962879DE3A0098404F /* Frameworks */ = {
			isa = PBXFrameworksBuildPhase;
			buildActionMask = 2147483647;
			files = (
				29C9A04DBD6093203F8EE211 /* Pods_MakeItGreener.framework in Frameworks */,
			);
			runOnlyForDeploymentPostprocessing = 0;
		};
		E961ECA7287B140A00D92C64 /* Frameworks */ = {
			isa = PBXFrameworksBuildPhase;
			buildActionMask = 2147483647;
			files = (
			);
			runOnlyForDeploymentPostprocessing = 0;
		};
/* End PBXFrameworksBuildPhase section */

/* Begin PBXGroup section */
		65055DA0D6808557216C0984 /* Frameworks */ = {
			isa = PBXGroup;
			children = (
				AEA9C65CDE8E47EFEE6A2442 /* Pods_MakeItGreener.framework */,
			);
			name = Frameworks;
			sourceTree = "<group>";
		};
		CAD76BAE1E0E13249B81A20E /* Pods */ = {
			isa = PBXGroup;
			children = (
				5308B1A2D637627B314ECE9B /* Pods-MakeItGreener.debug.xcconfig */,
				6CBA899CEFEBC5F080D87CAE /* Pods-MakeItGreener.release.xcconfig */,
			);
			path = Pods;
			sourceTree = "<group>";
		};
		E93C136928804CB000C31059 /* Enum */ = {
			isa = PBXGroup;
			children = (
				E95FFC0A287F35D800B934B3 /* LocationLabel.swift */,
			);
			path = Enum;
			sourceTree = "<group>";
		};
		E95E34902879DE3A0098404F = {
			isa = PBXGroup;
			children = (
				E95E349B2879DE3A0098404F /* MakeItGreener */,
				E961ECAB287B140A00D92C64 /* MakeItGreenerTests */,
				E95E349A2879DE3A0098404F /* Products */,
				CAD76BAE1E0E13249B81A20E /* Pods */,
				65055DA0D6808557216C0984 /* Frameworks */,
			);
			sourceTree = "<group>";
		};
		E95E349A2879DE3A0098404F /* Products */ = {
			isa = PBXGroup;
			children = (
				E95E34992879DE3A0098404F /* MakeItGreener.app */,
				E961ECAA287B140A00D92C64 /* MakeItGreenerTests.xctest */,
			);
			name = Products;
			sourceTree = "<group>";
		};
		E95E349B2879DE3A0098404F /* MakeItGreener */ = {
			isa = PBXGroup;
			children = (
				E9B4A8CA287A36CE000AFE72 /* View */,
				E9B4A8BF287A0E17000AFE72 /* ViewModel */,
				E9B4A8BE287A0E10000AFE72 /* Model */,
				E95E34AF2879DEE10098404F /* CoreData */,
				E95E349C2879DE3A0098404F /* MakeItGreenerApp.swift */,
				E95E34A02879DE3B0098404F /* Assets.xcassets */,
				E95E34A22879DE3B0098404F /* Preview Content */,
			);
			path = MakeItGreener;
			sourceTree = "<group>";
		};
		E95E34A22879DE3B0098404F /* Preview Content */ = {
			isa = PBXGroup;
			children = (
				E95E34A32879DE3B0098404F /* Preview Assets.xcassets */,
			);
			path = "Preview Content";
			sourceTree = "<group>";
		};
		E95E34AF2879DEE10098404F /* CoreData */ = {
			isa = PBXGroup;
			children = (
				E95E34A52879DE3B0098404F /* Persistence.swift */,
				E95E34A72879DE3B0098404F /* MakeItGreener.xcdatamodeld */,
			);
			path = CoreData;
			sourceTree = "<group>";
		};
		E95FFC04287EFAF300B934B3 /* Main Form */ = {
			isa = PBXGroup;
			children = (
				E9CEFCBF287D90AA0024198C /* TravelForm.swift */,
			);
			path = "Main Form";
			sourceTree = "<group>";
		};
		E95FFC05287EFB0200B934B3 /* SubForms */ = {
			isa = PBXGroup;
			children = (
				E95FFC02287EFAE100B934B3 /* DistanceForm.swift */,
				E9CEFCC1287D9A8A0024198C /* MapView.swift */,
				E9CEFCC4287D9BF90024198C /* TransportationForm.swift */,
			);
			path = SubForms;
			sourceTree = "<group>";
		};
		E95FFC06287F10A200B934B3 /* MapKit */ = {
			isa = PBXGroup;
			children = (
				E93C136928804CB000C31059 /* Enum */,
				E95FFC09287F245000B934B3 /* Struct */,
			);
			path = MapKit;
			sourceTree = "<group>";
		};
		E95FFC09287F245000B934B3 /* Struct */ = {
			isa = PBXGroup;
			children = (
				E95FFC07287F10B400B934B3 /* MapLocation.swift */,
			);
			path = Struct;
			sourceTree = "<group>";
		};
		E95FFC0C287F601E00B934B3 /* Struct */ = {
			isa = PBXGroup;
			children = (
				E9B4A8C4287A1A63000AFE72 /* TravelData.swift */,
			);
			path = Struct;
			sourceTree = "<group>";
		};
		E961ECA0287B078800D92C64 /* CarbonFootprint */ = {
			isa = PBXGroup;
			children = (
				E9B4A8C1287A0E8D000AFE72 /* CarbonFootprintApi.swift */,
				E9B4A8C8287A1B69000AFE72 /* CarbonFootprintConstant.swift */,
				E961EC9C287AF9C900D92C64 /* CarbonFootprintEndpoint.swift */,
				E961ECA1287B07A200D92C64 /* Enums */,
			);
			path = CarbonFootprint;
			sourceTree = "<group>";
		};
		E961ECA1287B07A200D92C64 /* Enums */ = {
			isa = PBXGroup;
			children = (
				E95FFC0C287F601E00B934B3 /* Struct */,
				E9CEFCCA287DBED80024198C /* Transportation */,
			);
			path = Enums;
			sourceTree = "<group>";
		};
		E961ECAB287B140A00D92C64 /* MakeItGreenerTests */ = {
			isa = PBXGroup;
			children = (
				E961ECB7287B14C500D92C64 /* FakeResponse.swift */,
				E961ECB8287B14C500D92C64 /* MockURLProtocol.swift */,
				E961ECB5287B147D00D92C64 /* NetworkServiceTest.swift */,
			);
			path = MakeItGreenerTests;
			sourceTree = "<group>";
		};
		E9B4A8BE287A0E10000AFE72 /* Model */ = {
			isa = PBXGroup;
			children = (
				E95FFC06287F10A200B934B3 /* MapKit */,
				E9B4A8C3287A1A28000AFE72 /* API */,
				E9B4A8C0287A0E69000AFE72 /* Service */,
			);
			path = Model;
			sourceTree = "<group>";
		};
		E9B4A8BF287A0E17000AFE72 /* ViewModel */ = {
			isa = PBXGroup;
			children = (
				E961ECBC287B19D500D92C64 /* CarbonFootprint.swift */,
			);
			path = ViewModel;
			sourceTree = "<group>";
		};
		E9B4A8C0287A0E69000AFE72 /* Service */ = {
			isa = PBXGroup;
			children = (
				E961ECA4287B125F00D92C64 /* NetworkService.swift */,
			);
			path = Service;
			sourceTree = "<group>";
		};
		E9B4A8C3287A1A28000AFE72 /* API */ = {
			isa = PBXGroup;
			children = (
				E961ECA0287B078800D92C64 /* CarbonFootprint */,
			);
			path = API;
			sourceTree = "<group>";
		};
		E9B4A8CA287A36CE000AFE72 /* View */ = {
			isa = PBXGroup;
			children = (
				E9CEFCC3287D9B4E0024198C /* Travel Form */,
				E95E349E2879DE3A0098404F /* ContentView.swift */,
				E9B4A8BC287A08FB000AFE72 /* MainView.swift */,
				E9CEFCBD287D90390024198C /* MyFootprint.swift */,
			);
			path = View;
			sourceTree = "<group>";
		};
		E9CEFCC3287D9B4E0024198C /* Travel Form */ = {
			isa = PBXGroup;
			children = (
				E95FFC05287EFB0200B934B3 /* SubForms */,
				E95FFC04287EFAF300B934B3 /* Main Form */,
			);
			path = "Travel Form";
			sourceTree = "<group>";
		};
		E9CEFCCA287DBED80024198C /* Transportation */ = {
			isa = PBXGroup;
			children = (
				E9CEFCD0287DD6BF0024198C /* TransportationMode.swift */,
				E95FFC00287EDA6E00B934B3 /* TransportationType.swift */,
			);
			path = Transportation;
			sourceTree = "<group>";
		};
/* End PBXGroup section */

/* Begin PBXNativeTarget section */
		E95E34982879DE3A0098404F /* MakeItGreener */ = {
			isa = PBXNativeTarget;
			buildConfigurationList = E95E34AC2879DE3B0098404F /* Build configuration list for PBXNativeTarget "MakeItGreener" */;
			buildPhases = (
				12F16DCF3CB96D2EF8E16413 /* [CP] Check Pods Manifest.lock */,
				E95E34952879DE3A0098404F /* Sources */,
				E95E34962879DE3A0098404F /* Frameworks */,
				E95E34972879DE3A0098404F /* Resources */,
				AB94E84997335BB27F4B1607 /* [CP] Embed Pods Frameworks */,
			);
			buildRules = (
			);
			dependencies = (
			);
			name = MakeItGreener;
			productName = MakeItGreener;
			productReference = E95E34992879DE3A0098404F /* MakeItGreener.app */;
			productType = "com.apple.product-type.application";
		};
		E961ECA9287B140A00D92C64 /* MakeItGreenerTests */ = {
			isa = PBXNativeTarget;
			buildConfigurationList = E961ECB0287B140A00D92C64 /* Build configuration list for PBXNativeTarget "MakeItGreenerTests" */;
			buildPhases = (
				E961ECA6287B140A00D92C64 /* Sources */,
				E961ECA7287B140A00D92C64 /* Frameworks */,
				E961ECA8287B140A00D92C64 /* Resources */,
			);
			buildRules = (
			);
			dependencies = (
				E961ECAF287B140A00D92C64 /* PBXTargetDependency */,
			);
			name = MakeItGreenerTests;
			productName = MakeItGreenerTests;
			productReference = E961ECAA287B140A00D92C64 /* MakeItGreenerTests.xctest */;
			productType = "com.apple.product-type.bundle.unit-test";
		};
/* End PBXNativeTarget section */

/* Begin PBXProject section */
		E95E34912879DE3A0098404F /* Project object */ = {
			isa = PBXProject;
			attributes = {
				BuildIndependentTargetsInParallel = 1;
				LastSwiftUpdateCheck = 1340;
				LastUpgradeCheck = 1340;
				TargetAttributes = {
					E95E34982879DE3A0098404F = {
						CreatedOnToolsVersion = 13.4.1;
					};
					E961ECA9287B140A00D92C64 = {
						CreatedOnToolsVersion = 13.4.1;
						LastSwiftMigration = 1340;
						TestTargetID = E95E34982879DE3A0098404F;
					};
				};
			};
			buildConfigurationList = E95E34942879DE3A0098404F /* Build configuration list for PBXProject "MakeItGreener" */;
			compatibilityVersion = "Xcode 13.0";
			developmentRegion = en;
			hasScannedForEncodings = 0;
			knownRegions = (
				en,
				Base,
			);
			mainGroup = E95E34902879DE3A0098404F;
			productRefGroup = E95E349A2879DE3A0098404F /* Products */;
			projectDirPath = "";
			projectRoot = "";
			targets = (
				E95E34982879DE3A0098404F /* MakeItGreener */,
				E961ECA9287B140A00D92C64 /* MakeItGreenerTests */,
			);
		};
/* End PBXProject section */

/* Begin PBXResourcesBuildPhase section */
		E95E34972879DE3A0098404F /* Resources */ = {
			isa = PBXResourcesBuildPhase;
			buildActionMask = 2147483647;
			files = (
				E95E34A42879DE3B0098404F /* Preview Assets.xcassets in Resources */,
				E95E34A12879DE3B0098404F /* Assets.xcassets in Resources */,
			);
			runOnlyForDeploymentPostprocessing = 0;
		};
		E961ECA8287B140A00D92C64 /* Resources */ = {
			isa = PBXResourcesBuildPhase;
			buildActionMask = 2147483647;
			files = (
			);
			runOnlyForDeploymentPostprocessing = 0;
		};
/* End PBXResourcesBuildPhase section */

/* Begin PBXShellScriptBuildPhase section */
		12F16DCF3CB96D2EF8E16413 /* [CP] Check Pods Manifest.lock */ = {
			isa = PBXShellScriptBuildPhase;
			buildActionMask = 2147483647;
			files = (
			);
			inputFileListPaths = (
			);
			inputPaths = (
				"${PODS_PODFILE_DIR_PATH}/Podfile.lock",
				"${PODS_ROOT}/Manifest.lock",
			);
			name = "[CP] Check Pods Manifest.lock";
			outputFileListPaths = (
			);
			outputPaths = (
				"$(DERIVED_FILE_DIR)/Pods-MakeItGreener-checkManifestLockResult.txt",
			);
			runOnlyForDeploymentPostprocessing = 0;
			shellPath = /bin/sh;
			shellScript = "diff \"${PODS_PODFILE_DIR_PATH}/Podfile.lock\" \"${PODS_ROOT}/Manifest.lock\" > /dev/null\nif [ $? != 0 ] ; then\n    # print error to STDERR\n    echo \"error: The sandbox is not in sync with the Podfile.lock. Run 'pod install' or update your CocoaPods installation.\" >&2\n    exit 1\nfi\n# This output is used by Xcode 'outputs' to avoid re-running this script phase.\necho \"SUCCESS\" > \"${SCRIPT_OUTPUT_FILE_0}\"\n";
			showEnvVarsInLog = 0;
		};
		AB94E84997335BB27F4B1607 /* [CP] Embed Pods Frameworks */ = {
			isa = PBXShellScriptBuildPhase;
			buildActionMask = 2147483647;
			files = (
			);
			inputFileListPaths = (
				"${PODS_ROOT}/Target Support Files/Pods-MakeItGreener/Pods-MakeItGreener-frameworks-${CONFIGURATION}-input-files.xcfilelist",
			);
			name = "[CP] Embed Pods Frameworks";
			outputFileListPaths = (
				"${PODS_ROOT}/Target Support Files/Pods-MakeItGreener/Pods-MakeItGreener-frameworks-${CONFIGURATION}-output-files.xcfilelist",
			);
			runOnlyForDeploymentPostprocessing = 0;
			shellPath = /bin/sh;
			shellScript = "\"${PODS_ROOT}/Target Support Files/Pods-MakeItGreener/Pods-MakeItGreener-frameworks.sh\"\n";
			showEnvVarsInLog = 0;
		};
/* End PBXShellScriptBuildPhase section */

/* Begin PBXSourcesBuildPhase section */
		E95E34952879DE3A0098404F /* Sources */ = {
			isa = PBXSourcesBuildPhase;
			buildActionMask = 2147483647;
			files = (
				E95FFC03287EFAE100B934B3 /* DistanceForm.swift in Sources */,
				E95E34A62879DE3B0098404F /* Persistence.swift in Sources */,
				E95FFC01287EDA6E00B934B3 /* TransportationType.swift in Sources */,
				E9B4A8C5287A1A63000AFE72 /* TravelData.swift in Sources */,
				E961ECBD287B19D500D92C64 /* CarbonFootprint.swift in Sources */,
				E95E34A92879DE3B0098404F /* MakeItGreener.xcdatamodeld in Sources */,
				E9B4A8C2287A0E8E000AFE72 /* CarbonFootprintApi.swift in Sources */,
				E95E349F2879DE3A0098404F /* ContentView.swift in Sources */,
				E9CEFCC0287D90AA0024198C /* TravelForm.swift in Sources */,
				E9CEFCD1287DD6BF0024198C /* TransportationMode.swift in Sources */,
				E9B4A8BD287A08FB000AFE72 /* MainView.swift in Sources */,
				E9CEFCC2287D9A8A0024198C /* MapView.swift in Sources */,
				E9CEFCC5287D9BF90024198C /* TransportationForm.swift in Sources */,
				E961EC9D287AF9C900D92C64 /* CarbonFootprintEndpoint.swift in Sources */,
				E9B4A8C9287A1B69000AFE72 /* CarbonFootprintConstant.swift in Sources */,
				E95FFC0B287F35D800B934B3 /* LocationLabel.swift in Sources */,
				E9CEFCBE287D90390024198C /* MyFootprint.swift in Sources */,
				E961ECA5287B125F00D92C64 /* NetworkService.swift in Sources */,
				E95E349D2879DE3A0098404F /* MakeItGreenerApp.swift in Sources */,
				E95FFC08287F10B400B934B3 /* MapLocation.swift in Sources */,
			);
			runOnlyForDeploymentPostprocessing = 0;
		};
		E961ECA6287B140A00D92C64 /* Sources */ = {
			isa = PBXSourcesBuildPhase;
			buildActionMask = 2147483647;
			files = (
				E961ECBA287B14C500D92C64 /* MockURLProtocol.swift in Sources */,
				E961ECB6287B147D00D92C64 /* NetworkServiceTest.swift in Sources */,
				E961ECB9287B14C500D92C64 /* FakeResponse.swift in Sources */,
			);
			runOnlyForDeploymentPostprocessing = 0;
		};
/* End PBXSourcesBuildPhase section */

/* Begin PBXTargetDependency section */
		E961ECAF287B140A00D92C64 /* PBXTargetDependency */ = {
			isa = PBXTargetDependency;
			target = E95E34982879DE3A0098404F /* MakeItGreener */;
			targetProxy = E961ECAE287B140A00D92C64 /* PBXContainerItemProxy */;
		};
/* End PBXTargetDependency section */

/* Begin XCBuildConfiguration section */
		E95E34AA2879DE3B0098404F /* Debug */ = {
			isa = XCBuildConfiguration;
			buildSettings = {
				ALWAYS_SEARCH_USER_PATHS = NO;
				CLANG_ANALYZER_NONNULL = YES;
				CLANG_ANALYZER_NUMBER_OBJECT_CONVERSION = YES_AGGRESSIVE;
				CLANG_CXX_LANGUAGE_STANDARD = "gnu++17";
				CLANG_ENABLE_MODULES = YES;
				CLANG_ENABLE_OBJC_ARC = YES;
				CLANG_ENABLE_OBJC_WEAK = YES;
				CLANG_WARN_BLOCK_CAPTURE_AUTORELEASING = YES;
				CLANG_WARN_BOOL_CONVERSION = YES;
				CLANG_WARN_COMMA = YES;
				CLANG_WARN_CONSTANT_CONVERSION = YES;
				CLANG_WARN_DEPRECATED_OBJC_IMPLEMENTATIONS = YES;
				CLANG_WARN_DIRECT_OBJC_ISA_USAGE = YES_ERROR;
				CLANG_WARN_DOCUMENTATION_COMMENTS = YES;
				CLANG_WARN_EMPTY_BODY = YES;
				CLANG_WARN_ENUM_CONVERSION = YES;
				CLANG_WARN_INFINITE_RECURSION = YES;
				CLANG_WARN_INT_CONVERSION = YES;
				CLANG_WARN_NON_LITERAL_NULL_CONVERSION = YES;
				CLANG_WARN_OBJC_IMPLICIT_RETAIN_SELF = YES;
				CLANG_WARN_OBJC_LITERAL_CONVERSION = YES;
				CLANG_WARN_OBJC_ROOT_CLASS = YES_ERROR;
				CLANG_WARN_QUOTED_INCLUDE_IN_FRAMEWORK_HEADER = YES;
				CLANG_WARN_RANGE_LOOP_ANALYSIS = YES;
				CLANG_WARN_STRICT_PROTOTYPES = YES;
				CLANG_WARN_SUSPICIOUS_MOVE = YES;
				CLANG_WARN_UNGUARDED_AVAILABILITY = YES_AGGRESSIVE;
				CLANG_WARN_UNREACHABLE_CODE = YES;
				CLANG_WARN__DUPLICATE_METHOD_MATCH = YES;
				COPY_PHASE_STRIP = NO;
				DEBUG_INFORMATION_FORMAT = dwarf;
				ENABLE_STRICT_OBJC_MSGSEND = YES;
				ENABLE_TESTABILITY = YES;
				GCC_C_LANGUAGE_STANDARD = gnu11;
				GCC_DYNAMIC_NO_PIC = NO;
				GCC_NO_COMMON_BLOCKS = YES;
				GCC_OPTIMIZATION_LEVEL = 0;
				GCC_PREPROCESSOR_DEFINITIONS = (
					"DEBUG=1",
					"$(inherited)",
				);
				GCC_WARN_64_TO_32_BIT_CONVERSION = YES;
				GCC_WARN_ABOUT_RETURN_TYPE = YES_ERROR;
				GCC_WARN_UNDECLARED_SELECTOR = YES;
				GCC_WARN_UNINITIALIZED_AUTOS = YES_AGGRESSIVE;
				GCC_WARN_UNUSED_FUNCTION = YES;
				GCC_WARN_UNUSED_VARIABLE = YES;
				IPHONEOS_DEPLOYMENT_TARGET = 15.5;
				MTL_ENABLE_DEBUG_INFO = INCLUDE_SOURCE;
				MTL_FAST_MATH = YES;
				ONLY_ACTIVE_ARCH = YES;
				SDKROOT = iphoneos;
				SWIFT_ACTIVE_COMPILATION_CONDITIONS = DEBUG;
				SWIFT_OPTIMIZATION_LEVEL = "-Onone";
			};
			name = Debug;
		};
		E95E34AB2879DE3B0098404F /* Release */ = {
			isa = XCBuildConfiguration;
			buildSettings = {
				ALWAYS_SEARCH_USER_PATHS = NO;
				CLANG_ANALYZER_NONNULL = YES;
				CLANG_ANALYZER_NUMBER_OBJECT_CONVERSION = YES_AGGRESSIVE;
				CLANG_CXX_LANGUAGE_STANDARD = "gnu++17";
				CLANG_ENABLE_MODULES = YES;
				CLANG_ENABLE_OBJC_ARC = YES;
				CLANG_ENABLE_OBJC_WEAK = YES;
				CLANG_WARN_BLOCK_CAPTURE_AUTORELEASING = YES;
				CLANG_WARN_BOOL_CONVERSION = YES;
				CLANG_WARN_COMMA = YES;
				CLANG_WARN_CONSTANT_CONVERSION = YES;
				CLANG_WARN_DEPRECATED_OBJC_IMPLEMENTATIONS = YES;
				CLANG_WARN_DIRECT_OBJC_ISA_USAGE = YES_ERROR;
				CLANG_WARN_DOCUMENTATION_COMMENTS = YES;
				CLANG_WARN_EMPTY_BODY = YES;
				CLANG_WARN_ENUM_CONVERSION = YES;
				CLANG_WARN_INFINITE_RECURSION = YES;
				CLANG_WARN_INT_CONVERSION = YES;
				CLANG_WARN_NON_LITERAL_NULL_CONVERSION = YES;
				CLANG_WARN_OBJC_IMPLICIT_RETAIN_SELF = YES;
				CLANG_WARN_OBJC_LITERAL_CONVERSION = YES;
				CLANG_WARN_OBJC_ROOT_CLASS = YES_ERROR;
				CLANG_WARN_QUOTED_INCLUDE_IN_FRAMEWORK_HEADER = YES;
				CLANG_WARN_RANGE_LOOP_ANALYSIS = YES;
				CLANG_WARN_STRICT_PROTOTYPES = YES;
				CLANG_WARN_SUSPICIOUS_MOVE = YES;
				CLANG_WARN_UNGUARDED_AVAILABILITY = YES_AGGRESSIVE;
				CLANG_WARN_UNREACHABLE_CODE = YES;
				CLANG_WARN__DUPLICATE_METHOD_MATCH = YES;
				COPY_PHASE_STRIP = NO;
				DEBUG_INFORMATION_FORMAT = "dwarf-with-dsym";
				ENABLE_NS_ASSERTIONS = NO;
				ENABLE_STRICT_OBJC_MSGSEND = YES;
				GCC_C_LANGUAGE_STANDARD = gnu11;
				GCC_NO_COMMON_BLOCKS = YES;
				GCC_WARN_64_TO_32_BIT_CONVERSION = YES;
				GCC_WARN_ABOUT_RETURN_TYPE = YES_ERROR;
				GCC_WARN_UNDECLARED_SELECTOR = YES;
				GCC_WARN_UNINITIALIZED_AUTOS = YES_AGGRESSIVE;
				GCC_WARN_UNUSED_FUNCTION = YES;
				GCC_WARN_UNUSED_VARIABLE = YES;
				IPHONEOS_DEPLOYMENT_TARGET = 15.5;
				MTL_ENABLE_DEBUG_INFO = NO;
				MTL_FAST_MATH = YES;
				SDKROOT = iphoneos;
				SWIFT_COMPILATION_MODE = wholemodule;
				SWIFT_OPTIMIZATION_LEVEL = "-O";
				VALIDATE_PRODUCT = YES;
			};
			name = Release;
		};
		E95E34AD2879DE3B0098404F /* Debug */ = {
			isa = XCBuildConfiguration;
			baseConfigurationReference = 5308B1A2D637627B314ECE9B /* Pods-MakeItGreener.debug.xcconfig */;
			buildSettings = {
				ASSETCATALOG_COMPILER_APPICON_NAME = AppIcon;
				ASSETCATALOG_COMPILER_GLOBAL_ACCENT_COLOR_NAME = AccentColor;
				CODE_SIGN_STYLE = Automatic;
				CURRENT_PROJECT_VERSION = 1;
				DEVELOPMENT_ASSET_PATHS = "\"MakeItGreener/Preview Content\"";
				DEVELOPMENT_TEAM = 32VPA6HJ38;
				ENABLE_PREVIEWS = YES;
				GENERATE_INFOPLIST_FILE = YES;
				INFOPLIST_KEY_UIApplicationSceneManifest_Generation = YES;
				INFOPLIST_KEY_UIApplicationSupportsIndirectInputEvents = YES;
				INFOPLIST_KEY_UILaunchScreen_Generation = YES;
				INFOPLIST_KEY_UISupportedInterfaceOrientations = UIInterfaceOrientationPortrait;
				INFOPLIST_KEY_UISupportedInterfaceOrientations_iPad = "UIInterfaceOrientationPortrait UIInterfaceOrientationPortraitUpsideDown UIInterfaceOrientationLandscapeLeft UIInterfaceOrientationLandscapeRight";
				INFOPLIST_KEY_UISupportedInterfaceOrientations_iPhone = "UIInterfaceOrientationPortrait UIInterfaceOrientationLandscapeLeft UIInterfaceOrientationLandscapeRight";
				LD_RUNPATH_SEARCH_PATHS = (
					"$(inherited)",
					"@executable_path/Frameworks",
				);
				MARKETING_VERSION = 1.0;
				PRODUCT_BUNDLE_IDENTIFIER = com.bertranddalleau.MakeItGreener;
				PRODUCT_NAME = "$(TARGET_NAME)";
				SWIFT_EMIT_LOC_STRINGS = YES;
				SWIFT_SUPPRESS_WARNINGS = NO;
				SWIFT_VERSION = 5.0;
				TARGETED_DEVICE_FAMILY = 1;
			};
			name = Debug;
		};
		E95E34AE2879DE3B0098404F /* Release */ = {
			isa = XCBuildConfiguration;
			baseConfigurationReference = 6CBA899CEFEBC5F080D87CAE /* Pods-MakeItGreener.release.xcconfig */;
			buildSettings = {
				ASSETCATALOG_COMPILER_APPICON_NAME = AppIcon;
				ASSETCATALOG_COMPILER_GLOBAL_ACCENT_COLOR_NAME = AccentColor;
				CODE_SIGN_STYLE = Automatic;
				CURRENT_PROJECT_VERSION = 1;
				DEVELOPMENT_ASSET_PATHS = "\"MakeItGreener/Preview Content\"";
				DEVELOPMENT_TEAM = 32VPA6HJ38;
				ENABLE_PREVIEWS = YES;
				GENERATE_INFOPLIST_FILE = YES;
				INFOPLIST_KEY_UIApplicationSceneManifest_Generation = YES;
				INFOPLIST_KEY_UIApplicationSupportsIndirectInputEvents = YES;
				INFOPLIST_KEY_UILaunchScreen_Generation = YES;
				INFOPLIST_KEY_UISupportedInterfaceOrientations = UIInterfaceOrientationPortrait;
				INFOPLIST_KEY_UISupportedInterfaceOrientations_iPad = "UIInterfaceOrientationPortrait UIInterfaceOrientationPortraitUpsideDown UIInterfaceOrientationLandscapeLeft UIInterfaceOrientationLandscapeRight";
				INFOPLIST_KEY_UISupportedInterfaceOrientations_iPhone = "UIInterfaceOrientationPortrait UIInterfaceOrientationLandscapeLeft UIInterfaceOrientationLandscapeRight";
				LD_RUNPATH_SEARCH_PATHS = (
					"$(inherited)",
					"@executable_path/Frameworks",
				);
				MARKETING_VERSION = 1.0;
				PRODUCT_BUNDLE_IDENTIFIER = com.bertranddalleau.MakeItGreener;
				PRODUCT_NAME = "$(TARGET_NAME)";
				SWIFT_EMIT_LOC_STRINGS = YES;
				SWIFT_SUPPRESS_WARNINGS = NO;
				SWIFT_VERSION = 5.0;
				TARGETED_DEVICE_FAMILY = 1;
			};
			name = Release;
		};
		E961ECB1287B140A00D92C64 /* Debug */ = {
			isa = XCBuildConfiguration;
			buildSettings = {
				BUNDLE_LOADER = "$(TEST_HOST)";
				CLANG_ENABLE_MODULES = YES;
				CODE_SIGN_STYLE = Automatic;
				CURRENT_PROJECT_VERSION = 1;
				DEVELOPMENT_TEAM = 32VPA6HJ38;
				GENERATE_INFOPLIST_FILE = YES;
				LD_RUNPATH_SEARCH_PATHS = (
					"$(inherited)",
					"@executable_path/Frameworks",
					"@loader_path/Frameworks",
				);
				MARKETING_VERSION = 1.0;
				PRODUCT_BUNDLE_IDENTIFIER = com.bertranddalleau.MakeItGreenerTests;
				PRODUCT_NAME = "$(TARGET_NAME)";
				SWIFT_EMIT_LOC_STRINGS = NO;
				SWIFT_OPTIMIZATION_LEVEL = "-Onone";
				SWIFT_VERSION = 5.0;
				TARGETED_DEVICE_FAMILY = "1,2";
				TEST_HOST = "$(BUILT_PRODUCTS_DIR)/MakeItGreener.app/MakeItGreener";
			};
			name = Debug;
		};
		E961ECB2287B140A00D92C64 /* Release */ = {
			isa = XCBuildConfiguration;
			buildSettings = {
				BUNDLE_LOADER = "$(TEST_HOST)";
				CLANG_ENABLE_MODULES = YES;
				CODE_SIGN_STYLE = Automatic;
				CURRENT_PROJECT_VERSION = 1;
				DEVELOPMENT_TEAM = 32VPA6HJ38;
				GENERATE_INFOPLIST_FILE = YES;
				LD_RUNPATH_SEARCH_PATHS = (
					"$(inherited)",
					"@executable_path/Frameworks",
					"@loader_path/Frameworks",
				);
				MARKETING_VERSION = 1.0;
				PRODUCT_BUNDLE_IDENTIFIER = com.bertranddalleau.MakeItGreenerTests;
				PRODUCT_NAME = "$(TARGET_NAME)";
				SWIFT_EMIT_LOC_STRINGS = NO;
				SWIFT_VERSION = 5.0;
				TARGETED_DEVICE_FAMILY = "1,2";
				TEST_HOST = "$(BUILT_PRODUCTS_DIR)/MakeItGreener.app/MakeItGreener";
			};
			name = Release;
		};
/* End XCBuildConfiguration section */

/* Begin XCConfigurationList section */
		E95E34942879DE3A0098404F /* Build configuration list for PBXProject "MakeItGreener" */ = {
			isa = XCConfigurationList;
			buildConfigurations = (
				E95E34AA2879DE3B0098404F /* Debug */,
				E95E34AB2879DE3B0098404F /* Release */,
			);
			defaultConfigurationIsVisible = 0;
			defaultConfigurationName = Release;
		};
		E95E34AC2879DE3B0098404F /* Build configuration list for PBXNativeTarget "MakeItGreener" */ = {
			isa = XCConfigurationList;
			buildConfigurations = (
				E95E34AD2879DE3B0098404F /* Debug */,
				E95E34AE2879DE3B0098404F /* Release */,
			);
			defaultConfigurationIsVisible = 0;
			defaultConfigurationName = Release;
		};
		E961ECB0287B140A00D92C64 /* Build configuration list for PBXNativeTarget "MakeItGreenerTests" */ = {
			isa = XCConfigurationList;
			buildConfigurations = (
				E961ECB1287B140A00D92C64 /* Debug */,
				E961ECB2287B140A00D92C64 /* Release */,
			);
			defaultConfigurationIsVisible = 0;
			defaultConfigurationName = Release;
		};
/* End XCConfigurationList section */

/* Begin XCVersionGroup section */
		E95E34A72879DE3B0098404F /* MakeItGreener.xcdatamodeld */ = {
			isa = XCVersionGroup;
			children = (
				E95E34A82879DE3B0098404F /* MakeItGreener.xcdatamodel */,
			);
			currentVersion = E95E34A82879DE3B0098404F /* MakeItGreener.xcdatamodel */;
			path = MakeItGreener.xcdatamodeld;
			sourceTree = "<group>";
			versionGroupType = wrapper.xcdatamodel;
		};
/* End XCVersionGroup section */
	};
	rootObject = E95E34912879DE3A0098404F /* Project object */;
}
