// !$*UTF8*$!
{
	archiveVersion = 1;
	classes = {
	};
	objectVersion = 55;
	objects = {

/* Begin PBXBuildFile section */
		99628892509A61FD547F9BF1 /* Pods_MakeItGreener.framework in Frameworks */ = {isa = PBXBuildFile; fileRef = 3CB58022E954E91C06C721C6 /* Pods_MakeItGreener.framework */; };
		E908E8C328914971002D9220 /* FootprintResultTest.swift in Sources */ = {isa = PBXBuildFile; fileRef = E908E8C228914971002D9220 /* FootprintResultTest.swift */; };
		E908E8C5289149A7002D9220 /* FootprintResultObservableObject.swift in Sources */ = {isa = PBXBuildFile; fileRef = E908E8C4289149A7002D9220 /* FootprintResultObservableObject.swift */; };
		E91AF4DA288DF779005D847B /* AppDelegate.swift in Sources */ = {isa = PBXBuildFile; fileRef = E91AF4D9288DF779005D847B /* AppDelegate.swift */; };
		E92810BB2881D76E0089A77D /* CompletionView.swift in Sources */ = {isa = PBXBuildFile; fileRef = E92810BA2881D76E0089A77D /* CompletionView.swift */; };
		E92F32FC2886DA6F00F6E844 /* MyTravelTabHome.swift in Sources */ = {isa = PBXBuildFile; fileRef = E92F32FB2886DA6F00F6E844 /* MyTravelTabHome.swift */; };
		E93B16D428835D2900DBFE21 /* Co2ResultView.swift in Sources */ = {isa = PBXBuildFile; fileRef = E93B16D328835D2900DBFE21 /* Co2ResultView.swift */; };
		E93B16DB288364ED00DBFE21 /* TravelLocationItem.swift in Sources */ = {isa = PBXBuildFile; fileRef = E93B16DA288364ED00DBFE21 /* TravelLocationItem.swift */; };
		E93B9EB52883063E00FFF6A0 /* AnnotationDesign.swift in Sources */ = {isa = PBXBuildFile; fileRef = E93B9EB42883063E00FFF6A0 /* AnnotationDesign.swift */; };
		E93B9EB728830DB200FFF6A0 /* TravelSideView.swift in Sources */ = {isa = PBXBuildFile; fileRef = E93B9EB628830DB200FFF6A0 /* TravelSideView.swift */; };
		E93FDB64288F580A009A5DF2 /* InterClassTest.swift in Sources */ = {isa = PBXBuildFile; fileRef = E93FDB63288F580A009A5DF2 /* InterClassTest.swift */; };
		E94BAC232884486000A21CCD /* TravelSearchTest.swift in Sources */ = {isa = PBXBuildFile; fileRef = E94BAC222884486000A21CCD /* TravelSearchTest.swift */; };
		E94BAC2728848B9300A21CCD /* CarbonFootprintTest.swift in Sources */ = {isa = PBXBuildFile; fileRef = E94BAC2628848B9300A21CCD /* CarbonFootprintTest.swift */; };
		E94BAC2A288490AC00A21CCD /* Co2FootprintData.json in Resources */ = {isa = PBXBuildFile; fileRef = E94BAC29288490AC00A21CCD /* Co2FootprintData.json */; };
		E95694BB28955A2F00EA305A /* TravelRow.swift in Sources */ = {isa = PBXBuildFile; fileRef = E95694BA28955A2F00EA305A /* TravelRow.swift */; };
		E95E349D2879DE3A0098404F /* MakeItGreenerApp.swift in Sources */ = {isa = PBXBuildFile; fileRef = E95E349C2879DE3A0098404F /* MakeItGreenerApp.swift */; };
		E95E34A12879DE3B0098404F /* Assets.xcassets in Resources */ = {isa = PBXBuildFile; fileRef = E95E34A02879DE3B0098404F /* Assets.xcassets */; };
		E95E34A42879DE3B0098404F /* Preview Assets.xcassets in Resources */ = {isa = PBXBuildFile; fileRef = E95E34A32879DE3B0098404F /* Preview Assets.xcassets */; };
		E95E34A62879DE3B0098404F /* Persistence.swift in Sources */ = {isa = PBXBuildFile; fileRef = E95E34A52879DE3B0098404F /* Persistence.swift */; };
		E95E34A92879DE3B0098404F /* MakeItGreener.xcdatamodeld in Sources */ = {isa = PBXBuildFile; fileRef = E95E34A72879DE3B0098404F /* MakeItGreener.xcdatamodeld */; };
		E95F20052886098700F27852 /* DepartArrivalOverlay.swift in Sources */ = {isa = PBXBuildFile; fileRef = E95F20042886098700F27852 /* DepartArrivalOverlay.swift */; };
		E95F20072886229900F27852 /* SettingsOverlay.swift in Sources */ = {isa = PBXBuildFile; fileRef = E95F20062886229900F27852 /* SettingsOverlay.swift */; };
		E95F200928862BBD00F27852 /* SubmitTravelFormOverlay.swift in Sources */ = {isa = PBXBuildFile; fileRef = E95F200828862BBD00F27852 /* SubmitTravelFormOverlay.swift */; };
		E95FFC01287EDA6E00B934B3 /* TransportationType.swift in Sources */ = {isa = PBXBuildFile; fileRef = E95FFC00287EDA6E00B934B3 /* TransportationType.swift */; };
		E95FFC08287F10B400B934B3 /* MapLocation.swift in Sources */ = {isa = PBXBuildFile; fileRef = E95FFC07287F10B400B934B3 /* MapLocation.swift */; };
		E95FFC0B287F35D800B934B3 /* LocationLabel.swift in Sources */ = {isa = PBXBuildFile; fileRef = E95FFC0A287F35D800B934B3 /* LocationLabel.swift */; };
		E961EC9D287AF9C900D92C64 /* CarbonFootprintEndpoint.swift in Sources */ = {isa = PBXBuildFile; fileRef = E961EC9C287AF9C900D92C64 /* CarbonFootprintEndpoint.swift */; };
		E961ECA5287B125F00D92C64 /* NetworkService.swift in Sources */ = {isa = PBXBuildFile; fileRef = E961ECA4287B125F00D92C64 /* NetworkService.swift */; };
		E961ECB6287B147D00D92C64 /* NetworkServiceTest.swift in Sources */ = {isa = PBXBuildFile; fileRef = E961ECB5287B147D00D92C64 /* NetworkServiceTest.swift */; };
		E961ECB9287B14C500D92C64 /* FakeResponse.swift in Sources */ = {isa = PBXBuildFile; fileRef = E961ECB7287B14C500D92C64 /* FakeResponse.swift */; };
		E961ECBA287B14C500D92C64 /* MockURLProtocol.swift in Sources */ = {isa = PBXBuildFile; fileRef = E961ECB8287B14C500D92C64 /* MockURLProtocol.swift */; };
		E961ECBD287B19D500D92C64 /* CarbonFootprintObservableObject.swift in Sources */ = {isa = PBXBuildFile; fileRef = E961ECBC287B19D500D92C64 /* CarbonFootprintObservableObject.swift */; };
		E98AB99A2896D5FB00175548 /* ResultDetailPanel.swift in Sources */ = {isa = PBXBuildFile; fileRef = E98AB9992896D5FB00175548 /* ResultDetailPanel.swift */; };
		E9AE2E99288084D200607895 /* TravelSearchObservableObject.swift in Sources */ = {isa = PBXBuildFile; fileRef = E9AE2E98288084D200607895 /* TravelSearchObservableObject.swift */; };
		E9AE2E9B2880B69000607895 /* TransportationModeView.swift in Sources */ = {isa = PBXBuildFile; fileRef = E9AE2E9A2880B68F00607895 /* TransportationModeView.swift */; };
		E9B4A8BD287A08FB000AFE72 /* MainView.swift in Sources */ = {isa = PBXBuildFile; fileRef = E9B4A8BC287A08FB000AFE72 /* MainView.swift */; };
		E9B4A8C2287A0E8E000AFE72 /* CarbonFootprintApi.swift in Sources */ = {isa = PBXBuildFile; fileRef = E9B4A8C1287A0E8D000AFE72 /* CarbonFootprintApi.swift */; };
		E9B4A8C5287A1A63000AFE72 /* TravelData.swift in Sources */ = {isa = PBXBuildFile; fileRef = E9B4A8C4287A1A63000AFE72 /* TravelData.swift */; };
		E9B4A8C9287A1B69000AFE72 /* CarbonFootprintConstant.swift in Sources */ = {isa = PBXBuildFile; fileRef = E9B4A8C8287A1B69000AFE72 /* CarbonFootprintConstant.swift */; };
		E9CEFCBE287D90390024198C /* MyFootprintTab.swift in Sources */ = {isa = PBXBuildFile; fileRef = E9CEFCBD287D90390024198C /* MyFootprintTab.swift */; };
		E9CEFCC0287D90AA0024198C /* TravelForm.swift in Sources */ = {isa = PBXBuildFile; fileRef = E9CEFCBF287D90AA0024198C /* TravelForm.swift */; };
		E9CEFCC2287D9A8A0024198C /* MapView.swift in Sources */ = {isa = PBXBuildFile; fileRef = E9CEFCC1287D9A8A0024198C /* MapView.swift */; };
		E9CEFCC5287D9BF90024198C /* TransportationTypeView.swift in Sources */ = {isa = PBXBuildFile; fileRef = E9CEFCC4287D9BF90024198C /* TransportationTypeView.swift */; };
		E9CEFCD1287DD6BF0024198C /* TransportationMode.swift in Sources */ = {isa = PBXBuildFile; fileRef = E9CEFCD0287DD6BF0024198C /* TransportationMode.swift */; };
		F9AA19780A720A3510FF8299 /* libPods-MakeItGreenerTests.a in Frameworks */ = {isa = PBXBuildFile; fileRef = 4CFE91B711BF1308A1488D18 /* libPods-MakeItGreenerTests.a */; };
/* End PBXBuildFile section */

/* Begin PBXContainerItemProxy section */
		E961ECAE287B140A00D92C64 /* PBXContainerItemProxy */ = {
			isa = PBXContainerItemProxy;
			containerPortal = E95E34912879DE3A0098404F /* Project object */;
			proxyType = 1;
			remoteGlobalIDString = E95E34982879DE3A0098404F;
			remoteInfo = MakeItGreener;
		};
/* End PBXContainerItemProxy section */

/* Begin PBXFileReference section */
		3025ECEF5B066AE7C9B03AEC /* Pods-MakeItGreenerTests.debug.xcconfig */ = {isa = PBXFileReference; includeInIndex = 1; lastKnownFileType = text.xcconfig; name = "Pods-MakeItGreenerTests.debug.xcconfig"; path = "Target Support Files/Pods-MakeItGreenerTests/Pods-MakeItGreenerTests.debug.xcconfig"; sourceTree = "<group>"; };
		3CB58022E954E91C06C721C6 /* Pods_MakeItGreener.framework */ = {isa = PBXFileReference; explicitFileType = wrapper.framework; includeInIndex = 0; path = Pods_MakeItGreener.framework; sourceTree = BUILT_PRODUCTS_DIR; };
		4CFE91B711BF1308A1488D18 /* libPods-MakeItGreenerTests.a */ = {isa = PBXFileReference; explicitFileType = archive.ar; includeInIndex = 0; path = "libPods-MakeItGreenerTests.a"; sourceTree = BUILT_PRODUCTS_DIR; };
		51427831A72954688DF75713 /* Pods-MakeItGreener.release.xcconfig */ = {isa = PBXFileReference; includeInIndex = 1; lastKnownFileType = text.xcconfig; name = "Pods-MakeItGreener.release.xcconfig"; path = "Target Support Files/Pods-MakeItGreener/Pods-MakeItGreener.release.xcconfig"; sourceTree = "<group>"; };
		5D15472A2CACCB97657F49BD /* Pods-MakeItGreenerTests.release.xcconfig */ = {isa = PBXFileReference; includeInIndex = 1; lastKnownFileType = text.xcconfig; name = "Pods-MakeItGreenerTests.release.xcconfig"; path = "Target Support Files/Pods-MakeItGreenerTests/Pods-MakeItGreenerTests.release.xcconfig"; sourceTree = "<group>"; };
		815379C0C1088D33DFC9A3A5 /* Pods-MakeItGreener.debug.xcconfig */ = {isa = PBXFileReference; includeInIndex = 1; lastKnownFileType = text.xcconfig; name = "Pods-MakeItGreener.debug.xcconfig"; path = "Target Support Files/Pods-MakeItGreener/Pods-MakeItGreener.debug.xcconfig"; sourceTree = "<group>"; };
		E908E8C228914971002D9220 /* FootprintResultTest.swift */ = {isa = PBXFileReference; lastKnownFileType = sourcecode.swift; path = FootprintResultTest.swift; sourceTree = "<group>"; };
		E908E8C4289149A7002D9220 /* FootprintResultObservableObject.swift */ = {isa = PBXFileReference; lastKnownFileType = sourcecode.swift; path = FootprintResultObservableObject.swift; sourceTree = "<group>"; };
		E90AA9C62897298600F6AAEB /* Info.plist */ = {isa = PBXFileReference; lastKnownFileType = text.plist; path = Info.plist; sourceTree = "<group>"; };
		E91AF4D9288DF779005D847B /* AppDelegate.swift */ = {isa = PBXFileReference; lastKnownFileType = sourcecode.swift; path = AppDelegate.swift; sourceTree = "<group>"; };
		E92810BA2881D76E0089A77D /* CompletionView.swift */ = {isa = PBXFileReference; lastKnownFileType = sourcecode.swift; path = CompletionView.swift; sourceTree = "<group>"; };
		E92F32FB2886DA6F00F6E844 /* MyTravelTabHome.swift */ = {isa = PBXFileReference; lastKnownFileType = sourcecode.swift; path = MyTravelTabHome.swift; sourceTree = "<group>"; };
		E93B16D328835D2900DBFE21 /* Co2ResultView.swift */ = {isa = PBXFileReference; lastKnownFileType = sourcecode.swift; path = Co2ResultView.swift; sourceTree = "<group>"; };
		E93B16DA288364ED00DBFE21 /* TravelLocationItem.swift */ = {isa = PBXFileReference; lastKnownFileType = sourcecode.swift; path = TravelLocationItem.swift; sourceTree = "<group>"; };
		E93B9EB42883063E00FFF6A0 /* AnnotationDesign.swift */ = {isa = PBXFileReference; lastKnownFileType = sourcecode.swift; path = AnnotationDesign.swift; sourceTree = "<group>"; };
		E93B9EB628830DB200FFF6A0 /* TravelSideView.swift */ = {isa = PBXFileReference; lastKnownFileType = sourcecode.swift; path = TravelSideView.swift; sourceTree = "<group>"; };
		E93FDB63288F580A009A5DF2 /* InterClassTest.swift */ = {isa = PBXFileReference; lastKnownFileType = sourcecode.swift; path = InterClassTest.swift; sourceTree = "<group>"; };
		E94BAC222884486000A21CCD /* TravelSearchTest.swift */ = {isa = PBXFileReference; lastKnownFileType = sourcecode.swift; path = TravelSearchTest.swift; sourceTree = "<group>"; };
		E94BAC2628848B9300A21CCD /* CarbonFootprintTest.swift */ = {isa = PBXFileReference; lastKnownFileType = sourcecode.swift; path = CarbonFootprintTest.swift; sourceTree = "<group>"; };
		E94BAC29288490AC00A21CCD /* Co2FootprintData.json */ = {isa = PBXFileReference; lastKnownFileType = text.json; path = Co2FootprintData.json; sourceTree = "<group>"; };
		E95694BA28955A2F00EA305A /* TravelRow.swift */ = {isa = PBXFileReference; lastKnownFileType = sourcecode.swift; path = TravelRow.swift; sourceTree = "<group>"; };
		E95E34992879DE3A0098404F /* MakeItGreener.app */ = {isa = PBXFileReference; explicitFileType = wrapper.application; includeInIndex = 0; path = MakeItGreener.app; sourceTree = BUILT_PRODUCTS_DIR; };
		E95E349C2879DE3A0098404F /* MakeItGreenerApp.swift */ = {isa = PBXFileReference; lastKnownFileType = sourcecode.swift; path = MakeItGreenerApp.swift; sourceTree = "<group>"; };
		E95E34A02879DE3B0098404F /* Assets.xcassets */ = {isa = PBXFileReference; lastKnownFileType = folder.assetcatalog; path = Assets.xcassets; sourceTree = "<group>"; };
		E95E34A32879DE3B0098404F /* Preview Assets.xcassets */ = {isa = PBXFileReference; lastKnownFileType = folder.assetcatalog; path = "Preview Assets.xcassets"; sourceTree = "<group>"; };
		E95E34A52879DE3B0098404F /* Persistence.swift */ = {isa = PBXFileReference; lastKnownFileType = sourcecode.swift; path = Persistence.swift; sourceTree = "<group>"; };
		E95E34A82879DE3B0098404F /* MakeItGreener.xcdatamodel */ = {isa = PBXFileReference; lastKnownFileType = wrapper.xcdatamodel; path = MakeItGreener.xcdatamodel; sourceTree = "<group>"; };
		E95F20042886098700F27852 /* DepartArrivalOverlay.swift */ = {isa = PBXFileReference; lastKnownFileType = sourcecode.swift; path = DepartArrivalOverlay.swift; sourceTree = "<group>"; };
		E95F20062886229900F27852 /* SettingsOverlay.swift */ = {isa = PBXFileReference; lastKnownFileType = sourcecode.swift; path = SettingsOverlay.swift; sourceTree = "<group>"; };
		E95F200828862BBD00F27852 /* SubmitTravelFormOverlay.swift */ = {isa = PBXFileReference; lastKnownFileType = sourcecode.swift; path = SubmitTravelFormOverlay.swift; sourceTree = "<group>"; };
		E95FFC00287EDA6E00B934B3 /* TransportationType.swift */ = {isa = PBXFileReference; lastKnownFileType = sourcecode.swift; path = TransportationType.swift; sourceTree = "<group>"; };
		E95FFC07287F10B400B934B3 /* MapLocation.swift */ = {isa = PBXFileReference; lastKnownFileType = sourcecode.swift; path = MapLocation.swift; sourceTree = "<group>"; };
		E95FFC0A287F35D800B934B3 /* LocationLabel.swift */ = {isa = PBXFileReference; lastKnownFileType = sourcecode.swift; path = LocationLabel.swift; sourceTree = "<group>"; };
		E961EC9C287AF9C900D92C64 /* CarbonFootprintEndpoint.swift */ = {isa = PBXFileReference; lastKnownFileType = sourcecode.swift; path = CarbonFootprintEndpoint.swift; sourceTree = "<group>"; };
		E961ECA4287B125F00D92C64 /* NetworkService.swift */ = {isa = PBXFileReference; lastKnownFileType = sourcecode.swift; path = NetworkService.swift; sourceTree = "<group>"; };
		E961ECAA287B140A00D92C64 /* MakeItGreenerTests.xctest */ = {isa = PBXFileReference; explicitFileType = wrapper.cfbundle; includeInIndex = 0; path = MakeItGreenerTests.xctest; sourceTree = BUILT_PRODUCTS_DIR; };
		E961ECB5287B147D00D92C64 /* NetworkServiceTest.swift */ = {isa = PBXFileReference; lastKnownFileType = sourcecode.swift; path = NetworkServiceTest.swift; sourceTree = "<group>"; };
		E961ECB7287B14C500D92C64 /* FakeResponse.swift */ = {isa = PBXFileReference; fileEncoding = 4; lastKnownFileType = sourcecode.swift; path = FakeResponse.swift; sourceTree = "<group>"; };
		E961ECB8287B14C500D92C64 /* MockURLProtocol.swift */ = {isa = PBXFileReference; fileEncoding = 4; lastKnownFileType = sourcecode.swift; path = MockURLProtocol.swift; sourceTree = "<group>"; };
		E961ECBC287B19D500D92C64 /* CarbonFootprintObservableObject.swift */ = {isa = PBXFileReference; lastKnownFileType = sourcecode.swift; path = CarbonFootprintObservableObject.swift; sourceTree = "<group>"; };
		E98AB9992896D5FB00175548 /* ResultDetailPanel.swift */ = {isa = PBXFileReference; lastKnownFileType = sourcecode.swift; path = ResultDetailPanel.swift; sourceTree = "<group>"; };
		E9AE2E98288084D200607895 /* TravelSearchObservableObject.swift */ = {isa = PBXFileReference; lastKnownFileType = sourcecode.swift; path = TravelSearchObservableObject.swift; sourceTree = "<group>"; };
		E9AE2E9A2880B68F00607895 /* TransportationModeView.swift */ = {isa = PBXFileReference; lastKnownFileType = sourcecode.swift; path = TransportationModeView.swift; sourceTree = "<group>"; };
		E9B4A8BC287A08FB000AFE72 /* MainView.swift */ = {isa = PBXFileReference; lastKnownFileType = sourcecode.swift; path = MainView.swift; sourceTree = "<group>"; };
		E9B4A8C1287A0E8D000AFE72 /* CarbonFootprintApi.swift */ = {isa = PBXFileReference; lastKnownFileType = sourcecode.swift; path = CarbonFootprintApi.swift; sourceTree = "<group>"; };
		E9B4A8C4287A1A63000AFE72 /* TravelData.swift */ = {isa = PBXFileReference; lastKnownFileType = sourcecode.swift; path = TravelData.swift; sourceTree = "<group>"; };
		E9B4A8C8287A1B69000AFE72 /* CarbonFootprintConstant.swift */ = {isa = PBXFileReference; lastKnownFileType = sourcecode.swift; path = CarbonFootprintConstant.swift; sourceTree = "<group>"; };
		E9CEFCBD287D90390024198C /* MyFootprintTab.swift */ = {isa = PBXFileReference; lastKnownFileType = sourcecode.swift; path = MyFootprintTab.swift; sourceTree = "<group>"; };
		E9CEFCBF287D90AA0024198C /* TravelForm.swift */ = {isa = PBXFileReference; lastKnownFileType = sourcecode.swift; path = TravelForm.swift; sourceTree = "<group>"; };
		E9CEFCC1287D9A8A0024198C /* MapView.swift */ = {isa = PBXFileReference; lastKnownFileType = sourcecode.swift; path = MapView.swift; sourceTree = "<group>"; };
		E9CEFCC4287D9BF90024198C /* TransportationTypeView.swift */ = {isa = PBXFileReference; lastKnownFileType = sourcecode.swift; path = TransportationTypeView.swift; sourceTree = "<group>"; };
		E9CEFCD0287DD6BF0024198C /* TransportationMode.swift */ = {isa = PBXFileReference; lastKnownFileType = sourcecode.swift; path = TransportationMode.swift; sourceTree = "<group>"; };
/* End PBXFileReference section */

/* Begin PBXFrameworksBuildPhase section */
		E95E34962879DE3A0098404F /* Frameworks */ = {
			isa = PBXFrameworksBuildPhase;
			buildActionMask = 2147483647;
			files = (
				99628892509A61FD547F9BF1 /* Pods_MakeItGreener.framework in Frameworks */,
			);
			runOnlyForDeploymentPostprocessing = 0;
		};
		E961ECA7287B140A00D92C64 /* Frameworks */ = {
			isa = PBXFrameworksBuildPhase;
			buildActionMask = 2147483647;
			files = (
				F9AA19780A720A3510FF8299 /* libPods-MakeItGreenerTests.a in Frameworks */,
			);
			runOnlyForDeploymentPostprocessing = 0;
		};
/* End PBXFrameworksBuildPhase section */

/* Begin PBXGroup section */
		72D5A3B3A6F5CB0B2DCE12DB /* Frameworks */ = {
			isa = PBXGroup;
			children = (
				3CB58022E954E91C06C721C6 /* Pods_MakeItGreener.framework */,
				4CFE91B711BF1308A1488D18 /* libPods-MakeItGreenerTests.a */,
			);
			name = Frameworks;
			sourceTree = "<group>";
		};
		CAD76BAE1E0E13249B81A20E /* Pods */ = {
			isa = PBXGroup;
			children = (
				815379C0C1088D33DFC9A3A5 /* Pods-MakeItGreener.debug.xcconfig */,
				51427831A72954688DF75713 /* Pods-MakeItGreener.release.xcconfig */,
				3025ECEF5B066AE7C9B03AEC /* Pods-MakeItGreenerTests.debug.xcconfig */,
				5D15472A2CACCB97657F49BD /* Pods-MakeItGreenerTests.release.xcconfig */,
			);
			path = Pods;
			sourceTree = "<group>";
		};
		E92810BC2881D7730089A77D /* SearchCompletions */ = {
			isa = PBXGroup;
			children = (
				E92810BA2881D76E0089A77D /* CompletionView.swift */,
			);
			path = SearchCompletions;
			sourceTree = "<group>";
		};
		E92F32FA2886DA2A00F6E844 /* Map */ = {
			isa = PBXGroup;
			children = (
				E9CEFCC1287D9A8A0024198C /* MapView.swift */,
				E93B9EB32883062100FFF6A0 /* Annotations */,
				E95F20012885F0B800F27852 /* Overlays */,
			);
			path = Map;
			sourceTree = "<group>";
		};
		E93B16D528835F0C00DBFE21 /* FormResults */ = {
			isa = PBXGroup;
			children = (
				E93B16D328835D2900DBFE21 /* Co2ResultView.swift */,
				E98AB9992896D5FB00175548 /* ResultDetailPanel.swift */,
			);
			path = FormResults;
			sourceTree = "<group>";
		};
		E93B16D628835F4E00DBFE21 /* Supporting Files */ = {
			isa = PBXGroup;
			children = (
				E95E349C2879DE3A0098404F /* MakeItGreenerApp.swift */,
				E91AF4D9288DF779005D847B /* AppDelegate.swift */,
			);
			path = "Supporting Files";
			sourceTree = "<group>";
		};
		E93B16D9288364AA00DBFE21 /* Navigation Items */ = {
			isa = PBXGroup;
			children = (
				E93B16DA288364ED00DBFE21 /* TravelLocationItem.swift */,
			);
			path = "Navigation Items";
			sourceTree = "<group>";
		};
		E93B9EB32883062100FFF6A0 /* Annotations */ = {
			isa = PBXGroup;
			children = (
				E93B9EB42883063E00FFF6A0 /* AnnotationDesign.swift */,
			);
			path = Annotations;
			sourceTree = "<group>";
		};
		E93C136928804CB000C31059 /* Enum */ = {
			isa = PBXGroup;
			children = (
				E95FFC0A287F35D800B934B3 /* LocationLabel.swift */,
			);
			path = Enum;
			sourceTree = "<group>";
		};
		E94BAC242884843000A21CCD /* Network */ = {
			isa = PBXGroup;
			children = (
				E961ECB7287B14C500D92C64 /* FakeResponse.swift */,
				E961ECB8287B14C500D92C64 /* MockURLProtocol.swift */,
				E961ECB5287B147D00D92C64 /* NetworkServiceTest.swift */,
			);
			path = Network;
			sourceTree = "<group>";
		};
		E94BAC252884844500A21CCD /* View Model */ = {
			isa = PBXGroup;
			children = (
				E94BAC222884486000A21CCD /* TravelSearchTest.swift */,
				E94BAC2628848B9300A21CCD /* CarbonFootprintTest.swift */,
				E93FDB63288F580A009A5DF2 /* InterClassTest.swift */,
				E908E8C228914971002D9220 /* FootprintResultTest.swift */,
			);
			path = "View Model";
			sourceTree = "<group>";
		};
		E94BAC282884909600A21CCD /* Json */ = {
			isa = PBXGroup;
			children = (
				E94BAC29288490AC00A21CCD /* Co2FootprintData.json */,
			);
			path = Json;
			sourceTree = "<group>";
		};
		E95E34902879DE3A0098404F = {
			isa = PBXGroup;
			children = (
				E95E349B2879DE3A0098404F /* MakeItGreener */,
				E961ECAB287B140A00D92C64 /* MakeItGreenerTests */,
				E95E349A2879DE3A0098404F /* Products */,
				CAD76BAE1E0E13249B81A20E /* Pods */,
				72D5A3B3A6F5CB0B2DCE12DB /* Frameworks */,
			);
			sourceTree = "<group>";
		};
		E95E349A2879DE3A0098404F /* Products */ = {
			isa = PBXGroup;
			children = (
				E95E34992879DE3A0098404F /* MakeItGreener.app */,
				E961ECAA287B140A00D92C64 /* MakeItGreenerTests.xctest */,
			);
			name = Products;
			sourceTree = "<group>";
		};
		E95E349B2879DE3A0098404F /* MakeItGreener */ = {
			isa = PBXGroup;
			children = (
				E90AA9C62897298600F6AAEB /* Info.plist */,
				E93B16D628835F4E00DBFE21 /* Supporting Files */,
				E9B4A8CA287A36CE000AFE72 /* View */,
				E9B4A8BF287A0E17000AFE72 /* ViewModel */,
				E9B4A8BE287A0E10000AFE72 /* Model */,
				E95E34AF2879DEE10098404F /* CoreData */,
				E95E34A02879DE3B0098404F /* Assets.xcassets */,
				E95E34A22879DE3B0098404F /* Preview Content */,
			);
			path = MakeItGreener;
			sourceTree = "<group>";
		};
		E95E34A22879DE3B0098404F /* Preview Content */ = {
			isa = PBXGroup;
			children = (
				E95E34A32879DE3B0098404F /* Preview Assets.xcassets */,
			);
			path = "Preview Content";
			sourceTree = "<group>";
		};
		E95E34AF2879DEE10098404F /* CoreData */ = {
			isa = PBXGroup;
			children = (
				E95E34A52879DE3B0098404F /* Persistence.swift */,
				E95E34A72879DE3B0098404F /* MakeItGreener.xcdatamodeld */,
			);
			path = CoreData;
			sourceTree = "<group>";
		};
		E95F1FFF2885F04F00F27852 /* My travel */ = {
			isa = PBXGroup;
			children = (
				E92F32FA2886DA2A00F6E844 /* Map */,
				E95F20022885F11A00F27852 /* Travel Sheet */,
				E92F32FB2886DA6F00F6E844 /* MyTravelTabHome.swift */,
			);
			path = "My travel";
			sourceTree = "<group>";
		};
		E95F20002885F06300F27852 /* My footprint */ = {
			isa = PBXGroup;
			children = (
				E9CEFCBD287D90390024198C /* MyFootprintTab.swift */,
				E95694BA28955A2F00EA305A /* TravelRow.swift */,
			);
			path = "My footprint";
			sourceTree = "<group>";
		};
		E95F20012885F0B800F27852 /* Overlays */ = {
			isa = PBXGroup;
			children = (
				E95F20042886098700F27852 /* DepartArrivalOverlay.swift */,
				E95F20062886229900F27852 /* SettingsOverlay.swift */,
				E95F200828862BBD00F27852 /* SubmitTravelFormOverlay.swift */,
			);
			path = Overlays;
			sourceTree = "<group>";
		};
		E95F20022885F11A00F27852 /* Travel Sheet */ = {
			isa = PBXGroup;
			children = (
				E9CEFCBF287D90AA0024198C /* TravelForm.swift */,
				E95F20032885F12F00F27852 /* Navigation */,
				E9AE2E9C2880B69C00607895 /* TransportationFields */,
				E9AE2E9D2880D8A000607895 /* DistanceFields */,
			);
			path = "Travel Sheet";
			sourceTree = "<group>";
		};
		E95F20032885F12F00F27852 /* Navigation */ = {
			isa = PBXGroup;
			children = (
				E92810BC2881D7730089A77D /* SearchCompletions */,
				E93B16D9288364AA00DBFE21 /* Navigation Items */,
			);
			path = Navigation;
			sourceTree = "<group>";
		};
		E95FFC06287F10A200B934B3 /* MapKit */ = {
			isa = PBXGroup;
			children = (
				E93C136928804CB000C31059 /* Enum */,
				E95FFC09287F245000B934B3 /* Struct */,
			);
			path = MapKit;
			sourceTree = "<group>";
		};
		E95FFC09287F245000B934B3 /* Struct */ = {
			isa = PBXGroup;
			children = (
				E95FFC07287F10B400B934B3 /* MapLocation.swift */,
			);
			path = Struct;
			sourceTree = "<group>";
		};
		E961ECA0287B078800D92C64 /* CarbonFootprint */ = {
			isa = PBXGroup;
			children = (
				E9B4A8C1287A0E8D000AFE72 /* CarbonFootprintApi.swift */,
				E9B4A8C8287A1B69000AFE72 /* CarbonFootprintConstant.swift */,
				E961EC9C287AF9C900D92C64 /* CarbonFootprintEndpoint.swift */,
			);
			path = CarbonFootprint;
			sourceTree = "<group>";
		};
		E961ECAB287B140A00D92C64 /* MakeItGreenerTests */ = {
			isa = PBXGroup;
			children = (
				E94BAC282884909600A21CCD /* Json */,
				E94BAC252884844500A21CCD /* View Model */,
				E94BAC242884843000A21CCD /* Network */,
			);
			path = MakeItGreenerTests;
			sourceTree = "<group>";
		};
		E9AE2E9C2880B69C00607895 /* TransportationFields */ = {
			isa = PBXGroup;
			children = (
				E9CEFCC4287D9BF90024198C /* TransportationTypeView.swift */,
				E9AE2E9A2880B68F00607895 /* TransportationModeView.swift */,
			);
			path = TransportationFields;
			sourceTree = "<group>";
		};
		E9AE2E9D2880D8A000607895 /* DistanceFields */ = {
			isa = PBXGroup;
			children = (
				E93B9EB628830DB200FFF6A0 /* TravelSideView.swift */,
			);
			path = DistanceFields;
			sourceTree = "<group>";
		};
		E9AE2E9E2880DCE800607895 /* Tabs */ = {
			isa = PBXGroup;
			children = (
				E9B4A8BC287A08FB000AFE72 /* MainView.swift */,
				E95F20002885F06300F27852 /* My footprint */,
				E93B16D528835F0C00DBFE21 /* FormResults */,
				E95F1FFF2885F04F00F27852 /* My travel */,
			);
			path = Tabs;
			sourceTree = "<group>";
		};
		E9B4A8BE287A0E10000AFE72 /* Model */ = {
			isa = PBXGroup;
			children = (
				E9B4A8C4287A1A63000AFE72 /* TravelData.swift */,
				E9CEFCCA287DBED80024198C /* Transportation */,
				E95FFC06287F10A200B934B3 /* MapKit */,
				E9B4A8C3287A1A28000AFE72 /* API */,
				E9B4A8C0287A0E69000AFE72 /* Service */,
			);
			path = Model;
			sourceTree = "<group>";
		};
		E9B4A8BF287A0E17000AFE72 /* ViewModel */ = {
			isa = PBXGroup;
			children = (
				E961ECBC287B19D500D92C64 /* CarbonFootprintObservableObject.swift */,
				E9AE2E98288084D200607895 /* TravelSearchObservableObject.swift */,
				E908E8C4289149A7002D9220 /* FootprintResultObservableObject.swift */,
			);
			path = ViewModel;
			sourceTree = "<group>";
		};
		E9B4A8C0287A0E69000AFE72 /* Service */ = {
			isa = PBXGroup;
			children = (
				E961ECA4287B125F00D92C64 /* NetworkService.swift */,
			);
			path = Service;
			sourceTree = "<group>";
		};
		E9B4A8C3287A1A28000AFE72 /* API */ = {
			isa = PBXGroup;
			children = (
				E961ECA0287B078800D92C64 /* CarbonFootprint */,
			);
			path = API;
			sourceTree = "<group>";
		};
		E9B4A8CA287A36CE000AFE72 /* View */ = {
			isa = PBXGroup;
			children = (
				E9AE2E9E2880DCE800607895 /* Tabs */,
			);
			path = View;
			sourceTree = "<group>";
		};
		E9CEFCCA287DBED80024198C /* Transportation */ = {
			isa = PBXGroup;
			children = (
				E9CEFCD0287DD6BF0024198C /* TransportationMode.swift */,
				E95FFC00287EDA6E00B934B3 /* TransportationType.swift */,
			);
			path = Transportation;
			sourceTree = "<group>";
		};
/* End PBXGroup section */

/* Begin PBXNativeTarget section */
		E95E34982879DE3A0098404F /* MakeItGreener */ = {
			isa = PBXNativeTarget;
			buildConfigurationList = E95E34AC2879DE3B0098404F /* Build configuration list for PBXNativeTarget "MakeItGreener" */;
			buildPhases = (
				303F40F204D0B9DD21E9F529 /* [CP] Check Pods Manifest.lock */,
				E95E34952879DE3A0098404F /* Sources */,
				E95E34962879DE3A0098404F /* Frameworks */,
				E95E34972879DE3A0098404F /* Resources */,
				FB3D4F4BB3D9260B7CB8A588 /* [CP] Embed Pods Frameworks */,
			);
			buildRules = (
			);
			dependencies = (
			);
			name = MakeItGreener;
			productName = MakeItGreener;
			productReference = E95E34992879DE3A0098404F /* MakeItGreener.app */;
			productType = "com.apple.product-type.application";
		};
		E961ECA9287B140A00D92C64 /* MakeItGreenerTests */ = {
			isa = PBXNativeTarget;
			buildConfigurationList = E961ECB0287B140A00D92C64 /* Build configuration list for PBXNativeTarget "MakeItGreenerTests" */;
			buildPhases = (
				EC9C39F6FE7B22E19D5CA8A7 /* [CP] Check Pods Manifest.lock */,
				E961ECA6287B140A00D92C64 /* Sources */,
				E961ECA7287B140A00D92C64 /* Frameworks */,
				E961ECA8287B140A00D92C64 /* Resources */,
			);
			buildRules = (
			);
			dependencies = (
				E961ECAF287B140A00D92C64 /* PBXTargetDependency */,
			);
			name = MakeItGreenerTests;
			productName = MakeItGreenerTests;
			productReference = E961ECAA287B140A00D92C64 /* MakeItGreenerTests.xctest */;
			productType = "com.apple.product-type.bundle.unit-test";
		};
/* End PBXNativeTarget section */

/* Begin PBXProject section */
		E95E34912879DE3A0098404F /* Project object */ = {
			isa = PBXProject;
			attributes = {
				BuildIndependentTargetsInParallel = 1;
				LastSwiftUpdateCheck = 1340;
				LastUpgradeCheck = 1340;
				TargetAttributes = {
					E95E34982879DE3A0098404F = {
						CreatedOnToolsVersion = 13.4.1;
					};
					E961ECA9287B140A00D92C64 = {
						CreatedOnToolsVersion = 13.4.1;
						LastSwiftMigration = 1340;
						TestTargetID = E95E34982879DE3A0098404F;
					};
				};
			};
			buildConfigurationList = E95E34942879DE3A0098404F /* Build configuration list for PBXProject "MakeItGreener" */;
			compatibilityVersion = "Xcode 13.0";
			developmentRegion = en;
			hasScannedForEncodings = 0;
			knownRegions = (
				en,
				Base,
			);
			mainGroup = E95E34902879DE3A0098404F;
			productRefGroup = E95E349A2879DE3A0098404F /* Products */;
			projectDirPath = "";
			projectRoot = "";
			targets = (
				E95E34982879DE3A0098404F /* MakeItGreener */,
				E961ECA9287B140A00D92C64 /* MakeItGreenerTests */,
			);
		};
/* End PBXProject section */

/* Begin PBXResourcesBuildPhase section */
		E95E34972879DE3A0098404F /* Resources */ = {
			isa = PBXResourcesBuildPhase;
			buildActionMask = 2147483647;
			files = (
				E95E34A42879DE3B0098404F /* Preview Assets.xcassets in Resources */,
				E95E34A12879DE3B0098404F /* Assets.xcassets in Resources */,
			);
			runOnlyForDeploymentPostprocessing = 0;
		};
		E961ECA8287B140A00D92C64 /* Resources */ = {
			isa = PBXResourcesBuildPhase;
			buildActionMask = 2147483647;
			files = (
				E94BAC2A288490AC00A21CCD /* Co2FootprintData.json in Resources */,
			);
			runOnlyForDeploymentPostprocessing = 0;
		};
/* End PBXResourcesBuildPhase section */

/* Begin PBXShellScriptBuildPhase section */
		303F40F204D0B9DD21E9F529 /* [CP] Check Pods Manifest.lock */ = {
			isa = PBXShellScriptBuildPhase;
			buildActionMask = 2147483647;
			files = (
			);
			inputFileListPaths = (
			);
			inputPaths = (
				"${PODS_PODFILE_DIR_PATH}/Podfile.lock",
				"${PODS_ROOT}/Manifest.lock",
			);
			name = "[CP] Check Pods Manifest.lock";
			outputFileListPaths = (
			);
			outputPaths = (
				"$(DERIVED_FILE_DIR)/Pods-MakeItGreener-checkManifestLockResult.txt",
			);
			runOnlyForDeploymentPostprocessing = 0;
			shellPath = /bin/sh;
			shellScript = "diff \"${PODS_PODFILE_DIR_PATH}/Podfile.lock\" \"${PODS_ROOT}/Manifest.lock\" > /dev/null\nif [ $? != 0 ] ; then\n    # print error to STDERR\n    echo \"error: The sandbox is not in sync with the Podfile.lock. Run 'pod install' or update your CocoaPods installation.\" >&2\n    exit 1\nfi\n# This output is used by Xcode 'outputs' to avoid re-running this script phase.\necho \"SUCCESS\" > \"${SCRIPT_OUTPUT_FILE_0}\"\n";
			showEnvVarsInLog = 0;
		};
		EC9C39F6FE7B22E19D5CA8A7 /* [CP] Check Pods Manifest.lock */ = {
			isa = PBXShellScriptBuildPhase;
			buildActionMask = 2147483647;
			files = (
			);
			inputFileListPaths = (
			);
			inputPaths = (
				"${PODS_PODFILE_DIR_PATH}/Podfile.lock",
				"${PODS_ROOT}/Manifest.lock",
			);
			name = "[CP] Check Pods Manifest.lock";
			outputFileListPaths = (
			);
			outputPaths = (
				"$(DERIVED_FILE_DIR)/Pods-MakeItGreenerTests-checkManifestLockResult.txt",
			);
			runOnlyForDeploymentPostprocessing = 0;
			shellPath = /bin/sh;
			shellScript = "diff \"${PODS_PODFILE_DIR_PATH}/Podfile.lock\" \"${PODS_ROOT}/Manifest.lock\" > /dev/null\nif [ $? != 0 ] ; then\n    # print error to STDERR\n    echo \"error: The sandbox is not in sync with the Podfile.lock. Run 'pod install' or update your CocoaPods installation.\" >&2\n    exit 1\nfi\n# This output is used by Xcode 'outputs' to avoid re-running this script phase.\necho \"SUCCESS\" > \"${SCRIPT_OUTPUT_FILE_0}\"\n";
			showEnvVarsInLog = 0;
		};
		FB3D4F4BB3D9260B7CB8A588 /* [CP] Embed Pods Frameworks */ = {
			isa = PBXShellScriptBuildPhase;
			buildActionMask = 2147483647;
			files = (
			);
			inputFileListPaths = (
				"${PODS_ROOT}/Target Support Files/Pods-MakeItGreener/Pods-MakeItGreener-frameworks-${CONFIGURATION}-input-files.xcfilelist",
			);
			name = "[CP] Embed Pods Frameworks";
			outputFileListPaths = (
				"${PODS_ROOT}/Target Support Files/Pods-MakeItGreener/Pods-MakeItGreener-frameworks-${CONFIGURATION}-output-files.xcfilelist",
			);
			runOnlyForDeploymentPostprocessing = 0;
			shellPath = /bin/sh;
			shellScript = "\"${PODS_ROOT}/Target Support Files/Pods-MakeItGreener/Pods-MakeItGreener-frameworks.sh\"\n";
			showEnvVarsInLog = 0;
		};
/* End PBXShellScriptBuildPhase section */

/* Begin PBXSourcesBuildPhase section */
		E95E34952879DE3A0098404F /* Sources */ = {
			isa = PBXSourcesBuildPhase;
			buildActionMask = 2147483647;
			files = (
				E95E34A62879DE3B0098404F /* Persistence.swift in Sources */,
				E95FFC01287EDA6E00B934B3 /* TransportationType.swift in Sources */,
				E9AE2E9B2880B69000607895 /* TransportationModeView.swift in Sources */,
				E9B4A8C5287A1A63000AFE72 /* TravelData.swift in Sources */,
				E95F20052886098700F27852 /* DepartArrivalOverlay.swift in Sources */,
				E98AB99A2896D5FB00175548 /* ResultDetailPanel.swift in Sources */,
				E961ECBD287B19D500D92C64 /* CarbonFootprintObservableObject.swift in Sources */,
				E95E34A92879DE3B0098404F /* MakeItGreener.xcdatamodeld in Sources */,
				E95F20072886229900F27852 /* SettingsOverlay.swift in Sources */,
				E95F200928862BBD00F27852 /* SubmitTravelFormOverlay.swift in Sources */,
				E9B4A8C2287A0E8E000AFE72 /* CarbonFootprintApi.swift in Sources */,
				E93B9EB728830DB200FFF6A0 /* TravelSideView.swift in Sources */,
				E9CEFCC0287D90AA0024198C /* TravelForm.swift in Sources */,
				E93B16DB288364ED00DBFE21 /* TravelLocationItem.swift in Sources */,
				E9CEFCD1287DD6BF0024198C /* TransportationMode.swift in Sources */,
				E9B4A8BD287A08FB000AFE72 /* MainView.swift in Sources */,
				E93B16D428835D2900DBFE21 /* Co2ResultView.swift in Sources */,
				E9CEFCC2287D9A8A0024198C /* MapView.swift in Sources */,
				E92F32FC2886DA6F00F6E844 /* MyTravelTabHome.swift in Sources */,
				E9CEFCC5287D9BF90024198C /* TransportationTypeView.swift in Sources */,
				E908E8C5289149A7002D9220 /* FootprintResultObservableObject.swift in Sources */,
				E93B9EB52883063E00FFF6A0 /* AnnotationDesign.swift in Sources */,
				E961EC9D287AF9C900D92C64 /* CarbonFootprintEndpoint.swift in Sources */,
				E91AF4DA288DF779005D847B /* AppDelegate.swift in Sources */,
				E9B4A8C9287A1B69000AFE72 /* CarbonFootprintConstant.swift in Sources */,
				E95694BB28955A2F00EA305A /* TravelRow.swift in Sources */,
				E95FFC0B287F35D800B934B3 /* LocationLabel.swift in Sources */,
				E9CEFCBE287D90390024198C /* MyFootprintTab.swift in Sources */,
				E961ECA5287B125F00D92C64 /* NetworkService.swift in Sources */,
				E9AE2E99288084D200607895 /* TravelSearchObservableObject.swift in Sources */,
				E95E349D2879DE3A0098404F /* MakeItGreenerApp.swift in Sources */,
				E95FFC08287F10B400B934B3 /* MapLocation.swift in Sources */,
				E92810BB2881D76E0089A77D /* CompletionView.swift in Sources */,
			);
			runOnlyForDeploymentPostprocessing = 0;
		};
		E961ECA6287B140A00D92C64 /* Sources */ = {
			isa = PBXSourcesBuildPhase;
			buildActionMask = 2147483647;
			files = (
				E961ECBA287B14C500D92C64 /* MockURLProtocol.swift in Sources */,
				E94BAC232884486000A21CCD /* TravelSearchTest.swift in Sources */,
				E961ECB6287B147D00D92C64 /* NetworkServiceTest.swift in Sources */,
				E94BAC2728848B9300A21CCD /* CarbonFootprintTest.swift in Sources */,
				E908E8C328914971002D9220 /* FootprintResultTest.swift in Sources */,
				E961ECB9287B14C500D92C64 /* FakeResponse.swift in Sources */,
				E93FDB64288F580A009A5DF2 /* InterClassTest.swift in Sources */,
			);
			runOnlyForDeploymentPostprocessing = 0;
		};
/* End PBXSourcesBuildPhase section */

/* Begin PBXTargetDependency section */
		E961ECAF287B140A00D92C64 /* PBXTargetDependency */ = {
			isa = PBXTargetDependency;
			target = E95E34982879DE3A0098404F /* MakeItGreener */;
			targetProxy = E961ECAE287B140A00D92C64 /* PBXContainerItemProxy */;
		};
/* End PBXTargetDependency section */

/* Begin XCBuildConfiguration section */
		E95E34AA2879DE3B0098404F /* Debug */ = {
			isa = XCBuildConfiguration;
			buildSettings = {
				ALWAYS_SEARCH_USER_PATHS = NO;
				CLANG_ANALYZER_NONNULL = YES;
				CLANG_ANALYZER_NUMBER_OBJECT_CONVERSION = YES_AGGRESSIVE;
				CLANG_CXX_LANGUAGE_STANDARD = "gnu++17";
				CLANG_ENABLE_MODULES = YES;
				CLANG_ENABLE_OBJC_ARC = YES;
				CLANG_ENABLE_OBJC_WEAK = YES;
				CLANG_WARN_BLOCK_CAPTURE_AUTORELEASING = YES;
				CLANG_WARN_BOOL_CONVERSION = YES;
				CLANG_WARN_COMMA = YES;
				CLANG_WARN_CONSTANT_CONVERSION = YES;
				CLANG_WARN_DEPRECATED_OBJC_IMPLEMENTATIONS = YES;
				CLANG_WARN_DIRECT_OBJC_ISA_USAGE = YES_ERROR;
				CLANG_WARN_DOCUMENTATION_COMMENTS = YES;
				CLANG_WARN_EMPTY_BODY = YES;
				CLANG_WARN_ENUM_CONVERSION = YES;
				CLANG_WARN_INFINITE_RECURSION = YES;
				CLANG_WARN_INT_CONVERSION = YES;
				CLANG_WARN_NON_LITERAL_NULL_CONVERSION = YES;
				CLANG_WARN_OBJC_IMPLICIT_RETAIN_SELF = YES;
				CLANG_WARN_OBJC_LITERAL_CONVERSION = YES;
				CLANG_WARN_OBJC_ROOT_CLASS = YES_ERROR;
				CLANG_WARN_QUOTED_INCLUDE_IN_FRAMEWORK_HEADER = YES;
				CLANG_WARN_RANGE_LOOP_ANALYSIS = YES;
				CLANG_WARN_STRICT_PROTOTYPES = YES;
				CLANG_WARN_SUSPICIOUS_MOVE = YES;
				CLANG_WARN_UNGUARDED_AVAILABILITY = YES_AGGRESSIVE;
				CLANG_WARN_UNREACHABLE_CODE = YES;
				CLANG_WARN__DUPLICATE_METHOD_MATCH = YES;
				COPY_PHASE_STRIP = NO;
				DEBUG_INFORMATION_FORMAT = dwarf;
				ENABLE_STRICT_OBJC_MSGSEND = YES;
				ENABLE_TESTABILITY = YES;
				GCC_C_LANGUAGE_STANDARD = gnu11;
				GCC_DYNAMIC_NO_PIC = NO;
				GCC_NO_COMMON_BLOCKS = YES;
				GCC_OPTIMIZATION_LEVEL = 0;
				GCC_PREPROCESSOR_DEFINITIONS = (
					"DEBUG=1",
					"$(inherited)",
				);
				GCC_WARN_64_TO_32_BIT_CONVERSION = YES;
				GCC_WARN_ABOUT_RETURN_TYPE = YES_ERROR;
				GCC_WARN_UNDECLARED_SELECTOR = YES;
				GCC_WARN_UNINITIALIZED_AUTOS = YES_AGGRESSIVE;
				GCC_WARN_UNUSED_FUNCTION = YES;
				GCC_WARN_UNUSED_VARIABLE = YES;
				IPHONEOS_DEPLOYMENT_TARGET = 15.5;
				MTL_ENABLE_DEBUG_INFO = INCLUDE_SOURCE;
				MTL_FAST_MATH = YES;
				ONLY_ACTIVE_ARCH = YES;
				SDKROOT = iphoneos;
				SWIFT_ACTIVE_COMPILATION_CONDITIONS = DEBUG;
				SWIFT_OPTIMIZATION_LEVEL = "-Onone";
			};
			name = Debug;
		};
		E95E34AB2879DE3B0098404F /* Release */ = {
			isa = XCBuildConfiguration;
			buildSettings = {
				ALWAYS_SEARCH_USER_PATHS = NO;
				CLANG_ANALYZER_NONNULL = YES;
				CLANG_ANALYZER_NUMBER_OBJECT_CONVERSION = YES_AGGRESSIVE;
				CLANG_CXX_LANGUAGE_STANDARD = "gnu++17";
				CLANG_ENABLE_MODULES = YES;
				CLANG_ENABLE_OBJC_ARC = YES;
				CLANG_ENABLE_OBJC_WEAK = YES;
				CLANG_WARN_BLOCK_CAPTURE_AUTORELEASING = YES;
				CLANG_WARN_BOOL_CONVERSION = YES;
				CLANG_WARN_COMMA = YES;
				CLANG_WARN_CONSTANT_CONVERSION = YES;
				CLANG_WARN_DEPRECATED_OBJC_IMPLEMENTATIONS = YES;
				CLANG_WARN_DIRECT_OBJC_ISA_USAGE = YES_ERROR;
				CLANG_WARN_DOCUMENTATION_COMMENTS = YES;
				CLANG_WARN_EMPTY_BODY = YES;
				CLANG_WARN_ENUM_CONVERSION = YES;
				CLANG_WARN_INFINITE_RECURSION = YES;
				CLANG_WARN_INT_CONVERSION = YES;
				CLANG_WARN_NON_LITERAL_NULL_CONVERSION = YES;
				CLANG_WARN_OBJC_IMPLICIT_RETAIN_SELF = YES;
				CLANG_WARN_OBJC_LITERAL_CONVERSION = YES;
				CLANG_WARN_OBJC_ROOT_CLASS = YES_ERROR;
				CLANG_WARN_QUOTED_INCLUDE_IN_FRAMEWORK_HEADER = YES;
				CLANG_WARN_RANGE_LOOP_ANALYSIS = YES;
				CLANG_WARN_STRICT_PROTOTYPES = YES;
				CLANG_WARN_SUSPICIOUS_MOVE = YES;
				CLANG_WARN_UNGUARDED_AVAILABILITY = YES_AGGRESSIVE;
				CLANG_WARN_UNREACHABLE_CODE = YES;
				CLANG_WARN__DUPLICATE_METHOD_MATCH = YES;
				COPY_PHASE_STRIP = NO;
				DEBUG_INFORMATION_FORMAT = "dwarf-with-dsym";
				ENABLE_NS_ASSERTIONS = NO;
				ENABLE_STRICT_OBJC_MSGSEND = YES;
				GCC_C_LANGUAGE_STANDARD = gnu11;
				GCC_NO_COMMON_BLOCKS = YES;
				GCC_WARN_64_TO_32_BIT_CONVERSION = YES;
				GCC_WARN_ABOUT_RETURN_TYPE = YES_ERROR;
				GCC_WARN_UNDECLARED_SELECTOR = YES;
				GCC_WARN_UNINITIALIZED_AUTOS = YES_AGGRESSIVE;
				GCC_WARN_UNUSED_FUNCTION = YES;
				GCC_WARN_UNUSED_VARIABLE = YES;
				IPHONEOS_DEPLOYMENT_TARGET = 15.5;
				MTL_ENABLE_DEBUG_INFO = NO;
				MTL_FAST_MATH = YES;
				SDKROOT = iphoneos;
				SWIFT_COMPILATION_MODE = wholemodule;
				SWIFT_OPTIMIZATION_LEVEL = "-O";
				VALIDATE_PRODUCT = YES;
			};
			name = Release;
		};
		E95E34AD2879DE3B0098404F /* Debug */ = {
			isa = XCBuildConfiguration;
			baseConfigurationReference = 815379C0C1088D33DFC9A3A5 /* Pods-MakeItGreener.debug.xcconfig */;
			buildSettings = {
				ASSETCATALOG_COMPILER_APPICON_NAME = AppIcon;
				ASSETCATALOG_COMPILER_GLOBAL_ACCENT_COLOR_NAME = AccentColor;
				CODE_SIGN_IDENTITY = "Apple Development";
				CODE_SIGN_STYLE = Manual;
				CURRENT_PROJECT_VERSION = 1;
				DEVELOPMENT_ASSET_PATHS = "\"MakeItGreener/Preview Content\"";
				DEVELOPMENT_TEAM = "";
				ENABLE_PREVIEWS = YES;
				GENERATE_INFOPLIST_FILE = YES;
				INFOPLIST_FILE = MakeItGreener/Info.plist;
				INFOPLIST_KEY_UIApplicationSceneManifest_Generation = YES;
				INFOPLIST_KEY_UIApplicationSupportsIndirectInputEvents = YES;
				INFOPLIST_KEY_UILaunchScreen_Generation = YES;
				INFOPLIST_KEY_UISupportedInterfaceOrientations = UIInterfaceOrientationPortrait;
				INFOPLIST_KEY_UISupportedInterfaceOrientations_iPad = "UIInterfaceOrientationPortrait UIInterfaceOrientationPortraitUpsideDown UIInterfaceOrientationLandscapeLeft UIInterfaceOrientationLandscapeRight";
				INFOPLIST_KEY_UISupportedInterfaceOrientations_iPhone = "UIInterfaceOrientationPortrait UIInterfaceOrientationLandscapeLeft UIInterfaceOrientationLandscapeRight";
				LD_RUNPATH_SEARCH_PATHS = (
					"$(inherited)",
					"@executable_path/Frameworks",
				);
				MARKETING_VERSION = 1.0;
				PRODUCT_BUNDLE_IDENTIFIER = com.bertranddalleau.MakeItGreener;
				PRODUCT_NAME = "$(TARGET_NAME)";
				PROVISIONING_PROFILE_SPECIFIER = "";
				SWIFT_EMIT_LOC_STRINGS = YES;
				SWIFT_SUPPRESS_WARNINGS = NO;
				SWIFT_VERSION = 5.0;
				TARGETED_DEVICE_FAMILY = 1;
			};
			name = Debug;
		};
		E95E34AE2879DE3B0098404F /* Release */ = {
			isa = XCBuildConfiguration;
			baseConfigurationReference = 51427831A72954688DF75713 /* Pods-MakeItGreener.release.xcconfig */;
			buildSettings = {
				ASSETCATALOG_COMPILER_APPICON_NAME = AppIcon;
				ASSETCATALOG_COMPILER_GLOBAL_ACCENT_COLOR_NAME = AccentColor;
				CODE_SIGN_IDENTITY = "Apple Development";
				CODE_SIGN_STYLE = Manual;
				CURRENT_PROJECT_VERSION = 1;
				DEVELOPMENT_ASSET_PATHS = "\"MakeItGreener/Preview Content\"";
				DEVELOPMENT_TEAM = "";
				ENABLE_PREVIEWS = YES;
				GENERATE_INFOPLIST_FILE = YES;
				INFOPLIST_FILE = MakeItGreener/Info.plist;
				INFOPLIST_KEY_UIApplicationSceneManifest_Generation = YES;
				INFOPLIST_KEY_UIApplicationSupportsIndirectInputEvents = YES;
				INFOPLIST_KEY_UILaunchScreen_Generation = YES;
				INFOPLIST_KEY_UISupportedInterfaceOrientations = UIInterfaceOrientationPortrait;
				INFOPLIST_KEY_UISupportedInterfaceOrientations_iPad = "UIInterfaceOrientationPortrait UIInterfaceOrientationPortraitUpsideDown UIInterfaceOrientationLandscapeLeft UIInterfaceOrientationLandscapeRight";
				INFOPLIST_KEY_UISupportedInterfaceOrientations_iPhone = "UIInterfaceOrientationPortrait UIInterfaceOrientationLandscapeLeft UIInterfaceOrientationLandscapeRight";
				LD_RUNPATH_SEARCH_PATHS = (
					"$(inherited)",
					"@executable_path/Frameworks",
				);
				MARKETING_VERSION = 1.0;
				PRODUCT_BUNDLE_IDENTIFIER = com.bertranddalleau.MakeItGreener;
				PRODUCT_NAME = "$(TARGET_NAME)";
				PROVISIONING_PROFILE_SPECIFIER = "";
				SWIFT_EMIT_LOC_STRINGS = YES;
				SWIFT_SUPPRESS_WARNINGS = NO;
				SWIFT_VERSION = 5.0;
				TARGETED_DEVICE_FAMILY = 1;
			};
			name = Release;
		};
		E961ECB1287B140A00D92C64 /* Debug */ = {
			isa = XCBuildConfiguration;
			baseConfigurationReference = 3025ECEF5B066AE7C9B03AEC /* Pods-MakeItGreenerTests.debug.xcconfig */;
			buildSettings = {
				BUNDLE_LOADER = "$(TEST_HOST)";
				CLANG_ENABLE_MODULES = YES;
				CODE_SIGN_STYLE = Automatic;
				CURRENT_PROJECT_VERSION = 1;
				DEVELOPMENT_TEAM = 32VPA6HJ38;
				GENERATE_INFOPLIST_FILE = YES;
				LD_RUNPATH_SEARCH_PATHS = (
					"$(inherited)",
					"@executable_path/Frameworks",
					"@loader_path/Frameworks",
				);
				MARKETING_VERSION = 1.0;
				PRODUCT_BUNDLE_IDENTIFIER = com.bertranddalleau.MakeItGreenerTests;
				PRODUCT_NAME = "$(TARGET_NAME)";
				SWIFT_EMIT_LOC_STRINGS = NO;
				SWIFT_OPTIMIZATION_LEVEL = "-Onone";
				SWIFT_VERSION = 5.0;
				TARGETED_DEVICE_FAMILY = "1,2";
				TEST_HOST = "$(BUILT_PRODUCTS_DIR)/MakeItGreener.app/MakeItGreener";
			};
			name = Debug;
		};
		E961ECB2287B140A00D92C64 /* Release */ = {
			isa = XCBuildConfiguration;
			baseConfigurationReference = 5D15472A2CACCB97657F49BD /* Pods-MakeItGreenerTests.release.xcconfig */;
			buildSettings = {
				BUNDLE_LOADER = "$(TEST_HOST)";
				CLANG_ENABLE_MODULES = YES;
				CODE_SIGN_STYLE = Automatic;
				CURRENT_PROJECT_VERSION = 1;
				DEVELOPMENT_TEAM = 32VPA6HJ38;
				GENERATE_INFOPLIST_FILE = YES;
				LD_RUNPATH_SEARCH_PATHS = (
					"$(inherited)",
					"@executable_path/Frameworks",
					"@loader_path/Frameworks",
				);
				MARKETING_VERSION = 1.0;
				PRODUCT_BUNDLE_IDENTIFIER = com.bertranddalleau.MakeItGreenerTests;
				PRODUCT_NAME = "$(TARGET_NAME)";
				SWIFT_EMIT_LOC_STRINGS = NO;
				SWIFT_VERSION = 5.0;
				TARGETED_DEVICE_FAMILY = "1,2";
				TEST_HOST = "$(BUILT_PRODUCTS_DIR)/MakeItGreener.app/MakeItGreener";
			};
			name = Release;
		};
/* End XCBuildConfiguration section */

/* Begin XCConfigurationList section */
		E95E34942879DE3A0098404F /* Build configuration list for PBXProject "MakeItGreener" */ = {
			isa = XCConfigurationList;
			buildConfigurations = (
				E95E34AA2879DE3B0098404F /* Debug */,
				E95E34AB2879DE3B0098404F /* Release */,
			);
			defaultConfigurationIsVisible = 0;
			defaultConfigurationName = Release;
		};
		E95E34AC2879DE3B0098404F /* Build configuration list for PBXNativeTarget "MakeItGreener" */ = {
			isa = XCConfigurationList;
			buildConfigurations = (
				E95E34AD2879DE3B0098404F /* Debug */,
				E95E34AE2879DE3B0098404F /* Release */,
			);
			defaultConfigurationIsVisible = 0;
			defaultConfigurationName = Release;
		};
		E961ECB0287B140A00D92C64 /* Build configuration list for PBXNativeTarget "MakeItGreenerTests" */ = {
			isa = XCConfigurationList;
			buildConfigurations = (
				E961ECB1287B140A00D92C64 /* Debug */,
				E961ECB2287B140A00D92C64 /* Release */,
			);
			defaultConfigurationIsVisible = 0;
			defaultConfigurationName = Release;
		};
/* End XCConfigurationList section */

/* Begin XCVersionGroup section */
		E95E34A72879DE3B0098404F /* MakeItGreener.xcdatamodeld */ = {
			isa = XCVersionGroup;
			children = (
				E95E34A82879DE3B0098404F /* MakeItGreener.xcdatamodel */,
			);
			currentVersion = E95E34A82879DE3B0098404F /* MakeItGreener.xcdatamodel */;
			path = MakeItGreener.xcdatamodeld;
			sourceTree = "<group>";
			versionGroupType = wrapper.xcdatamodel;
		};
/* End XCVersionGroup section */
	};
	rootObject = E95E34912879DE3A0098404F /* Project object */;
}
